// !$*UTF8*$!
{
	archiveVersion = 1;
	classes = {
	};
	objectVersion = 46;
	objects = {

/* Begin PBXBuildFile section */
		4B33674AA79D7C495F04881B /* Pods_FitCat2.framework in Frameworks */ = {isa = PBXBuildFile; fileRef = A41889A4EAA11BE6953CE999 /* Pods_FitCat2.framework */; };
		5030E28B1E0B8358000EFC28 /* WeightPicker.swift in Sources */ = {isa = PBXBuildFile; fileRef = 5030E28A1E0B8358000EFC28 /* WeightPicker.swift */; };
		5030E28D1E0E0676000EFC28 /* InitialViewController.swift in Sources */ = {isa = PBXBuildFile; fileRef = 5030E28C1E0E0676000EFC28 /* InitialViewController.swift */; };
		5030E28F1E0E709C000EFC28 /* Extensions.swift in Sources */ = {isa = PBXBuildFile; fileRef = 5030E28E1E0E709C000EFC28 /* Extensions.swift */; };
		5030E2921E0F81C6000EFC28 /* SignUpViewController.swift in Sources */ = {isa = PBXBuildFile; fileRef = 5030E2911E0F81C6000EFC28 /* SignUpViewController.swift */; };
		5030E2941E0FAF74000EFC28 /* TermsOfServiceViewController.swift in Sources */ = {isa = PBXBuildFile; fileRef = 5030E2931E0FAF74000EFC28 /* TermsOfServiceViewController.swift */; };
		5030E2961E110E95000EFC28 /* PreferencesViewController.swift in Sources */ = {isa = PBXBuildFile; fileRef = 5030E2951E110E95000EFC28 /* PreferencesViewController.swift */; };
		5030E2981E12285F000EFC28 /* ReturningUserViewController.swift in Sources */ = {isa = PBXBuildFile; fileRef = 5030E2971E12285F000EFC28 /* ReturningUserViewController.swift */; };
		504436531ED64532002C2A58 /* PantryCollectionViewController.swift in Sources */ = {isa = PBXBuildFile; fileRef = 504436521ED64532002C2A58 /* PantryCollectionViewController.swift */; };
		504436551ED66852002C2A58 /* FoodMarketViewController.swift in Sources */ = {isa = PBXBuildFile; fileRef = 504436541ED66852002C2A58 /* FoodMarketViewController.swift */; };
		5050301E1ED336B7004105BA /* Firebase.swift in Sources */ = {isa = PBXBuildFile; fileRef = 5050301D1ED336B7004105BA /* Firebase.swift */; };
		506587C71ED7B780007B47C5 /* FoodSearchTableViewCell.swift in Sources */ = {isa = PBXBuildFile; fileRef = 506587C61ED7B780007B47C5 /* FoodSearchTableViewCell.swift */; };
		506587C91ED7C52C007B47C5 /* FoodModel.swift in Sources */ = {isa = PBXBuildFile; fileRef = 506587C81ED7C52C007B47C5 /* FoodModel.swift */; };
		506587CB1ED8E5AC007B47C5 /* FoodPantryCollectionViewCell.swift in Sources */ = {isa = PBXBuildFile; fileRef = 506587CA1ED8E5AC007B47C5 /* FoodPantryCollectionViewCell.swift */; };
		5078DC791E1C523E00FD9B01 /* UIScrollView+EmptyDataSet.m in Sources */ = {isa = PBXBuildFile; fileRef = 5078DC781E1C523E00FD9B01 /* UIScrollView+EmptyDataSet.m */; };
		5078DC7B1E1C66D700FD9B01 /* CreateCatModel.swift in Sources */ = {isa = PBXBuildFile; fileRef = 5078DC7A1E1C66D700FD9B01 /* CreateCatModel.swift */; };
		507CDAE91E9307F10057598F /* CatCardCollectionViewController.swift in Sources */ = {isa = PBXBuildFile; fileRef = 507CDAE81E9307F10057598F /* CatCardCollectionViewController.swift */; };
		507CDAEB1E9320270057598F /* CatCollectionViewCell.swift in Sources */ = {isa = PBXBuildFile; fileRef = 507CDAEA1E9320270057598F /* CatCollectionViewCell.swift */; };
		5088AF781E662D2A00B2CBA3 /* MeasurementViewController.swift in Sources */ = {isa = PBXBuildFile; fileRef = 5088AF771E662D2A00B2CBA3 /* MeasurementViewController.swift */; };
		50AD3AF31E981015003C3F87 /* CatDetailTableViewCell.swift in Sources */ = {isa = PBXBuildFile; fileRef = 50AD3AF21E981015003C3F87 /* CatDetailTableViewCell.swift */; };
		50B272101E78B55F005969C0 /* TipsViewController.swift in Sources */ = {isa = PBXBuildFile; fileRef = 50B2720F1E78B55F005969C0 /* TipsViewController.swift */; };
		50BFD3A51ED9C106005CC5AC /* AmountSelectionView.swift in Sources */ = {isa = PBXBuildFile; fileRef = 50BFD3A41ED9C106005CC5AC /* AmountSelectionView.swift */; };
		50CC55A41ECCE5A600D9B6D0 /* GoogleService-Info.plist in Resources */ = {isa = PBXBuildFile; fileRef = 50CC55A31ECCE5A600D9B6D0 /* GoogleService-Info.plist */; };
		50D94C241E20AF2100B54C27 /* PlanModel.swift in Sources */ = {isa = PBXBuildFile; fileRef = 50D94C231E20AF2100B54C27 /* PlanModel.swift */; };
		50D94C261E20AF9A00B54C27 /* FoodSelectionModel.swift in Sources */ = {isa = PBXBuildFile; fileRef = 50D94C251E20AF9A00B54C27 /* FoodSelectionModel.swift */; };
		50ECD7A51E953D94002A7183 /* CatDetailsViewController.swift in Sources */ = {isa = PBXBuildFile; fileRef = 50ECD7A41E953D94002A7183 /* CatDetailsViewController.swift */; };
		50ECD7AC1E955040002A7183 /* SMSegment.swift in Sources */ = {isa = PBXBuildFile; fileRef = 50ECD7A81E955040002A7183 /* SMSegment.swift */; };
		50ECD7AD1E955040002A7183 /* SMSegmentAppearance.swift in Sources */ = {isa = PBXBuildFile; fileRef = 50ECD7A91E955040002A7183 /* SMSegmentAppearance.swift */; };
		50ECD7AE1E955040002A7183 /* SMSegmentView.swift in Sources */ = {isa = PBXBuildFile; fileRef = 50ECD7AA1E955040002A7183 /* SMSegmentView.swift */; };
		50ECD7AF1E955040002A7183 /* SMSegmentViewConstants.swift in Sources */ = {isa = PBXBuildFile; fileRef = 50ECD7AB1E955040002A7183 /* SMSegmentViewConstants.swift */; };
		50F38FC21E282FFB007ABD07 /* CatFeedingModel.swift in Sources */ = {isa = PBXBuildFile; fileRef = 50F38FC11E282FFB007ABD07 /* CatFeedingModel.swift */; };
		C80F66E31DEF24AF0008F4AD /* JBChartViewController.swift in Sources */ = {isa = PBXBuildFile; fileRef = C80F66E21DEF24AF0008F4AD /* JBChartViewController.swift */; };
		C8155B881DEE7C8E000535FC /* TodayTableViewController.swift in Sources */ = {isa = PBXBuildFile; fileRef = C8155B871DEE7C8E000535FC /* TodayTableViewController.swift */; };
		C82B78AD1DF0638500B1890F /* JBLineChartViewController.swift in Sources */ = {isa = PBXBuildFile; fileRef = C82B78AC1DF0638500B1890F /* JBLineChartViewController.swift */; };
		C8343F781DEB5C5C00AE0DF6 /* TableViewCell.swift in Sources */ = {isa = PBXBuildFile; fileRef = C8343F771DEB5C5C00AE0DF6 /* TableViewCell.swift */; };
		C8343F821DEB5DAC00AE0DF6 /* AllFoodUIViewController.swift in Sources */ = {isa = PBXBuildFile; fileRef = C8343F811DEB5DAC00AE0DF6 /* AllFoodUIViewController.swift */; };
		C860BC131DE360AE005E00CC /* AppDelegate.swift in Sources */ = {isa = PBXBuildFile; fileRef = C860BC121DE360AE005E00CC /* AppDelegate.swift */; };
		C860BC181DE360AE005E00CC /* Main.storyboard in Resources */ = {isa = PBXBuildFile; fileRef = C860BC161DE360AE005E00CC /* Main.storyboard */; };
		C860BC1A1DE360AE005E00CC /* Assets.xcassets in Resources */ = {isa = PBXBuildFile; fileRef = C860BC191DE360AE005E00CC /* Assets.xcassets */; };
		C860BC1D1DE360AE005E00CC /* LaunchScreen.storyboard in Resources */ = {isa = PBXBuildFile; fileRef = C860BC1B1DE360AE005E00CC /* LaunchScreen.storyboard */; };
		C8927BE41DE61FAF000711DD /* BreedTableViewController.swift in Sources */ = {isa = PBXBuildFile; fileRef = C8927BE31DE61FAF000711DD /* BreedTableViewController.swift */; };
		C8927BE61DE61FF1000711DD /* CreateCatViewController.swift in Sources */ = {isa = PBXBuildFile; fileRef = C8927BE51DE61FF1000711DD /* CreateCatViewController.swift */; };
		C8927BE81DE6204E000711DD /* CreateCat.swift in Sources */ = {isa = PBXBuildFile; fileRef = C8927BE71DE6204E000711DD /* CreateCat.swift */; };
		C8927BEE1DE6222B000711DD /* PlanGeneration.swift in Sources */ = {isa = PBXBuildFile; fileRef = C8927BED1DE6222B000711DD /* PlanGeneration.swift */; };
		C8927BF01DE6224F000711DD /* PlanOverviewControllerViewController.swift in Sources */ = {isa = PBXBuildFile; fileRef = C8927BEF1DE6224F000711DD /* PlanOverviewControllerViewController.swift */; };
		C8927BF41DE622E8000711DD /* SelectBCSViewController.swift in Sources */ = {isa = PBXBuildFile; fileRef = C8927BF31DE622E8000711DD /* SelectBCSViewController.swift */; };
		C8927BF61DE6230B000711DD /* TestingTableViewController.swift in Sources */ = {isa = PBXBuildFile; fileRef = C8927BF51DE6230B000711DD /* TestingTableViewController.swift */; };
		C8A278E71DF35F5F0064E11C /* MainPageController.swift in Sources */ = {isa = PBXBuildFile; fileRef = C8A278E61DF35F5F0064E11C /* MainPageController.swift */; };
		C8A278E91DF3601B0064E11C /* KDCircularProgress.swift in Sources */ = {isa = PBXBuildFile; fileRef = C8A278E81DF3601B0064E11C /* KDCircularProgress.swift */; };
		C8A278ED1DF360E50064E11C /* CupboardCollectionViewController.swift in Sources */ = {isa = PBXBuildFile; fileRef = C8A278EC1DF360E50064E11C /* CupboardCollectionViewController.swift */; };
		C8B460DC1DE38E32003DB92E /* DataObjects.swift in Sources */ = {isa = PBXBuildFile; fileRef = C8B460DB1DE38E32003DB92E /* DataObjects.swift */; };
		C8D432531DECA10500474E29 /* AmountSelectionViewController.swift in Sources */ = {isa = PBXBuildFile; fileRef = C8D432521DECA10500474E29 /* AmountSelectionViewController.swift */; };
		C8DE82441DEA875F0054721B /* FoodMarketTableViewController.swift in Sources */ = {isa = PBXBuildFile; fileRef = C8DE82431DEA875F0054721B /* FoodMarketTableViewController.swift */; };
		C8E102041DEFA450007E4027 /* YearJBChartViewController.swift in Sources */ = {isa = PBXBuildFile; fileRef = C8E102031DEFA450007E4027 /* YearJBChartViewController.swift */; };
/* End PBXBuildFile section */

/* Begin PBXFileReference section */
		066762C49929BB70E9648594 /* Pods_FitCat2Tests.framework */ = {isa = PBXFileReference; explicitFileType = wrapper.framework; includeInIndex = 0; path = Pods_FitCat2Tests.framework; sourceTree = BUILT_PRODUCTS_DIR; };
		5030E28A1E0B8358000EFC28 /* WeightPicker.swift */ = {isa = PBXFileReference; fileEncoding = 4; lastKnownFileType = sourcecode.swift; lineEnding = 0; path = WeightPicker.swift; sourceTree = "<group>"; xcLanguageSpecificationIdentifier = xcode.lang.swift; };
		5030E28C1E0E0676000EFC28 /* InitialViewController.swift */ = {isa = PBXFileReference; fileEncoding = 4; lastKnownFileType = sourcecode.swift; path = InitialViewController.swift; sourceTree = "<group>"; };
		5030E28E1E0E709C000EFC28 /* Extensions.swift */ = {isa = PBXFileReference; fileEncoding = 4; lastKnownFileType = sourcecode.swift; path = Extensions.swift; sourceTree = "<group>"; };
		5030E2911E0F81C6000EFC28 /* SignUpViewController.swift */ = {isa = PBXFileReference; fileEncoding = 4; lastKnownFileType = sourcecode.swift; path = SignUpViewController.swift; sourceTree = "<group>"; };
		5030E2931E0FAF74000EFC28 /* TermsOfServiceViewController.swift */ = {isa = PBXFileReference; fileEncoding = 4; lastKnownFileType = sourcecode.swift; lineEnding = 0; path = TermsOfServiceViewController.swift; sourceTree = "<group>"; xcLanguageSpecificationIdentifier = xcode.lang.swift; };
		5030E2951E110E95000EFC28 /* PreferencesViewController.swift */ = {isa = PBXFileReference; fileEncoding = 4; lastKnownFileType = sourcecode.swift; lineEnding = 0; path = PreferencesViewController.swift; sourceTree = "<group>"; xcLanguageSpecificationIdentifier = xcode.lang.swift; };
		5030E2971E12285F000EFC28 /* ReturningUserViewController.swift */ = {isa = PBXFileReference; fileEncoding = 4; lastKnownFileType = sourcecode.swift; lineEnding = 0; path = ReturningUserViewController.swift; sourceTree = "<group>"; xcLanguageSpecificationIdentifier = xcode.lang.swift; };
		504436521ED64532002C2A58 /* PantryCollectionViewController.swift */ = {isa = PBXFileReference; fileEncoding = 4; lastKnownFileType = sourcecode.swift; path = PantryCollectionViewController.swift; sourceTree = "<group>"; };
		504436541ED66852002C2A58 /* FoodMarketViewController.swift */ = {isa = PBXFileReference; fileEncoding = 4; lastKnownFileType = sourcecode.swift; path = FoodMarketViewController.swift; sourceTree = "<group>"; };
		5050301D1ED336B7004105BA /* Firebase.swift */ = {isa = PBXFileReference; fileEncoding = 4; lastKnownFileType = sourcecode.swift; path = Firebase.swift; sourceTree = "<group>"; };
		506587C61ED7B780007B47C5 /* FoodSearchTableViewCell.swift */ = {isa = PBXFileReference; fileEncoding = 4; lastKnownFileType = sourcecode.swift; path = FoodSearchTableViewCell.swift; sourceTree = "<group>"; };
		506587C81ED7C52C007B47C5 /* FoodModel.swift */ = {isa = PBXFileReference; fileEncoding = 4; lastKnownFileType = sourcecode.swift; path = FoodModel.swift; sourceTree = "<group>"; };
		506587CA1ED8E5AC007B47C5 /* FoodPantryCollectionViewCell.swift */ = {isa = PBXFileReference; fileEncoding = 4; lastKnownFileType = sourcecode.swift; path = FoodPantryCollectionViewCell.swift; sourceTree = "<group>"; };
		5078DC761E1C523D00FD9B01 /* FitCat2-Bridging-Header.h */ = {isa = PBXFileReference; lastKnownFileType = sourcecode.c.h; path = "FitCat2-Bridging-Header.h"; sourceTree = "<group>"; };
		5078DC771E1C523E00FD9B01 /* UIScrollView+EmptyDataSet.h */ = {isa = PBXFileReference; fileEncoding = 4; lastKnownFileType = sourcecode.c.h; name = "UIScrollView+EmptyDataSet.h"; path = "../../Downloads/DZNEmptyDataSet-master/Source/UIScrollView+EmptyDataSet.h"; sourceTree = "<group>"; };
		5078DC781E1C523E00FD9B01 /* UIScrollView+EmptyDataSet.m */ = {isa = PBXFileReference; fileEncoding = 4; lastKnownFileType = sourcecode.c.objc; name = "UIScrollView+EmptyDataSet.m"; path = "../../Downloads/DZNEmptyDataSet-master/Source/UIScrollView+EmptyDataSet.m"; sourceTree = "<group>"; };
		5078DC7A1E1C66D700FD9B01 /* CreateCatModel.swift */ = {isa = PBXFileReference; fileEncoding = 4; lastKnownFileType = sourcecode.swift; path = CreateCatModel.swift; sourceTree = "<group>"; };
		507CDAE81E9307F10057598F /* CatCardCollectionViewController.swift */ = {isa = PBXFileReference; fileEncoding = 4; lastKnownFileType = sourcecode.swift; lineEnding = 0; path = CatCardCollectionViewController.swift; sourceTree = "<group>"; xcLanguageSpecificationIdentifier = xcode.lang.swift; };
		507CDAEA1E9320270057598F /* CatCollectionViewCell.swift */ = {isa = PBXFileReference; fileEncoding = 4; lastKnownFileType = sourcecode.swift; path = CatCollectionViewCell.swift; sourceTree = "<group>"; };
		5088AF771E662D2A00B2CBA3 /* MeasurementViewController.swift */ = {isa = PBXFileReference; fileEncoding = 4; lastKnownFileType = sourcecode.swift; path = MeasurementViewController.swift; sourceTree = "<group>"; };
		50AD3AF21E981015003C3F87 /* CatDetailTableViewCell.swift */ = {isa = PBXFileReference; fileEncoding = 4; lastKnownFileType = sourcecode.swift; path = CatDetailTableViewCell.swift; sourceTree = "<group>"; };
		50B2720F1E78B55F005969C0 /* TipsViewController.swift */ = {isa = PBXFileReference; fileEncoding = 4; lastKnownFileType = sourcecode.swift; path = TipsViewController.swift; sourceTree = "<group>"; };
		50BFD3A41ED9C106005CC5AC /* AmountSelectionView.swift */ = {isa = PBXFileReference; fileEncoding = 4; lastKnownFileType = sourcecode.swift; path = AmountSelectionView.swift; sourceTree = "<group>"; };
		50CC55A31ECCE5A600D9B6D0 /* GoogleService-Info.plist */ = {isa = PBXFileReference; fileEncoding = 4; lastKnownFileType = text.plist.xml; path = "GoogleService-Info.plist"; sourceTree = "<group>"; };
		50D94C231E20AF2100B54C27 /* PlanModel.swift */ = {isa = PBXFileReference; fileEncoding = 4; lastKnownFileType = sourcecode.swift; path = PlanModel.swift; sourceTree = "<group>"; };
		50D94C251E20AF9A00B54C27 /* FoodSelectionModel.swift */ = {isa = PBXFileReference; fileEncoding = 4; lastKnownFileType = sourcecode.swift; path = FoodSelectionModel.swift; sourceTree = "<group>"; };
		50ECD7A41E953D94002A7183 /* CatDetailsViewController.swift */ = {isa = PBXFileReference; fileEncoding = 4; lastKnownFileType = sourcecode.swift; path = CatDetailsViewController.swift; sourceTree = "<group>"; };
		50ECD7A81E955040002A7183 /* SMSegment.swift */ = {isa = PBXFileReference; fileEncoding = 4; lastKnownFileType = sourcecode.swift; path = SMSegment.swift; sourceTree = "<group>"; };
		50ECD7A91E955040002A7183 /* SMSegmentAppearance.swift */ = {isa = PBXFileReference; fileEncoding = 4; lastKnownFileType = sourcecode.swift; path = SMSegmentAppearance.swift; sourceTree = "<group>"; };
		50ECD7AA1E955040002A7183 /* SMSegmentView.swift */ = {isa = PBXFileReference; fileEncoding = 4; lastKnownFileType = sourcecode.swift; path = SMSegmentView.swift; sourceTree = "<group>"; };
		50ECD7AB1E955040002A7183 /* SMSegmentViewConstants.swift */ = {isa = PBXFileReference; fileEncoding = 4; lastKnownFileType = sourcecode.swift; path = SMSegmentViewConstants.swift; sourceTree = "<group>"; };
		50F38FC11E282FFB007ABD07 /* CatFeedingModel.swift */ = {isa = PBXFileReference; fileEncoding = 4; lastKnownFileType = sourcecode.swift; path = CatFeedingModel.swift; sourceTree = "<group>"; };
		5BE0D10F1C8FDC7CC650A736 /* Pods-FitCat2.release.xcconfig */ = {isa = PBXFileReference; includeInIndex = 1; lastKnownFileType = text.xcconfig; name = "Pods-FitCat2.release.xcconfig"; path = "Pods/Target Support Files/Pods-FitCat2/Pods-FitCat2.release.xcconfig"; sourceTree = "<group>"; };
		86E9A460290C9786C3197B6D /* Pods-FitCat2UITests.release.xcconfig */ = {isa = PBXFileReference; includeInIndex = 1; lastKnownFileType = text.xcconfig; name = "Pods-FitCat2UITests.release.xcconfig"; path = "Pods/Target Support Files/Pods-FitCat2UITests/Pods-FitCat2UITests.release.xcconfig"; sourceTree = "<group>"; };
		8A3A79738E9C12C61779FA7C /* Pods_FitCat2UITests.framework */ = {isa = PBXFileReference; explicitFileType = wrapper.framework; includeInIndex = 0; path = Pods_FitCat2UITests.framework; sourceTree = BUILT_PRODUCTS_DIR; };
		A41889A4EAA11BE6953CE999 /* Pods_FitCat2.framework */ = {isa = PBXFileReference; explicitFileType = wrapper.framework; includeInIndex = 0; path = Pods_FitCat2.framework; sourceTree = BUILT_PRODUCTS_DIR; };
		A7DC5F54A5833CBD644BE2D6 /* Pods-FitCat2Tests.release.xcconfig */ = {isa = PBXFileReference; includeInIndex = 1; lastKnownFileType = text.xcconfig; name = "Pods-FitCat2Tests.release.xcconfig"; path = "Pods/Target Support Files/Pods-FitCat2Tests/Pods-FitCat2Tests.release.xcconfig"; sourceTree = "<group>"; };
		C80F66D91DEF248B0008F4AD /* JBChartView-Bridging-Header.h */ = {isa = PBXFileReference; lastKnownFileType = sourcecode.c.h; path = "JBChartView-Bridging-Header.h"; sourceTree = "<group>"; };
		C80F66E21DEF24AF0008F4AD /* JBChartViewController.swift */ = {isa = PBXFileReference; fileEncoding = 4; lastKnownFileType = sourcecode.swift; path = JBChartViewController.swift; sourceTree = "<group>"; };
		C8155B871DEE7C8E000535FC /* TodayTableViewController.swift */ = {isa = PBXFileReference; fileEncoding = 4; lastKnownFileType = sourcecode.swift; path = TodayTableViewController.swift; sourceTree = "<group>"; };
		C82B78AC1DF0638500B1890F /* JBLineChartViewController.swift */ = {isa = PBXFileReference; fileEncoding = 4; lastKnownFileType = sourcecode.swift; path = JBLineChartViewController.swift; sourceTree = "<group>"; };
		C8343F771DEB5C5C00AE0DF6 /* TableViewCell.swift */ = {isa = PBXFileReference; fileEncoding = 4; lastKnownFileType = sourcecode.swift; path = TableViewCell.swift; sourceTree = "<group>"; };
		C8343F811DEB5DAC00AE0DF6 /* AllFoodUIViewController.swift */ = {isa = PBXFileReference; fileEncoding = 4; lastKnownFileType = sourcecode.swift; path = AllFoodUIViewController.swift; sourceTree = "<group>"; };
		C860BC0F1DE360AE005E00CC /* FitCat2.app */ = {isa = PBXFileReference; explicitFileType = wrapper.application; includeInIndex = 0; path = FitCat2.app; sourceTree = BUILT_PRODUCTS_DIR; };
		C860BC121DE360AE005E00CC /* AppDelegate.swift */ = {isa = PBXFileReference; lastKnownFileType = sourcecode.swift; lineEnding = 0; path = AppDelegate.swift; sourceTree = "<group>"; xcLanguageSpecificationIdentifier = xcode.lang.swift; };
		C860BC171DE360AE005E00CC /* Base */ = {isa = PBXFileReference; lastKnownFileType = file.storyboard; name = Base; path = Base.lproj/Main.storyboard; sourceTree = "<group>"; };
		C860BC191DE360AE005E00CC /* Assets.xcassets */ = {isa = PBXFileReference; lastKnownFileType = folder.assetcatalog; path = Assets.xcassets; sourceTree = "<group>"; };
		C860BC1C1DE360AE005E00CC /* Base */ = {isa = PBXFileReference; lastKnownFileType = file.storyboard; name = Base; path = Base.lproj/LaunchScreen.storyboard; sourceTree = "<group>"; };
		C860BC1E1DE360AE005E00CC /* Info.plist */ = {isa = PBXFileReference; lastKnownFileType = text.plist.xml; path = Info.plist; sourceTree = "<group>"; };
		C8927BE31DE61FAF000711DD /* BreedTableViewController.swift */ = {isa = PBXFileReference; fileEncoding = 4; lastKnownFileType = sourcecode.swift; path = BreedTableViewController.swift; sourceTree = "<group>"; };
		C8927BE51DE61FF1000711DD /* CreateCatViewController.swift */ = {isa = PBXFileReference; fileEncoding = 4; lastKnownFileType = sourcecode.swift; lineEnding = 0; path = CreateCatViewController.swift; sourceTree = "<group>"; xcLanguageSpecificationIdentifier = xcode.lang.swift; };
		C8927BE71DE6204E000711DD /* CreateCat.swift */ = {isa = PBXFileReference; fileEncoding = 4; lastKnownFileType = sourcecode.swift; path = CreateCat.swift; sourceTree = "<group>"; };
		C8927BED1DE6222B000711DD /* PlanGeneration.swift */ = {isa = PBXFileReference; fileEncoding = 4; lastKnownFileType = sourcecode.swift; path = PlanGeneration.swift; sourceTree = "<group>"; };
		C8927BEF1DE6224F000711DD /* PlanOverviewControllerViewController.swift */ = {isa = PBXFileReference; fileEncoding = 4; lastKnownFileType = sourcecode.swift; path = PlanOverviewControllerViewController.swift; sourceTree = "<group>"; };
		C8927BF31DE622E8000711DD /* SelectBCSViewController.swift */ = {isa = PBXFileReference; fileEncoding = 4; lastKnownFileType = sourcecode.swift; path = SelectBCSViewController.swift; sourceTree = "<group>"; };
		C8927BF51DE6230B000711DD /* TestingTableViewController.swift */ = {isa = PBXFileReference; fileEncoding = 4; lastKnownFileType = sourcecode.swift; path = TestingTableViewController.swift; sourceTree = "<group>"; };
		C8A278E61DF35F5F0064E11C /* MainPageController.swift */ = {isa = PBXFileReference; fileEncoding = 4; lastKnownFileType = sourcecode.swift; path = MainPageController.swift; sourceTree = "<group>"; };
		C8A278E81DF3601B0064E11C /* KDCircularProgress.swift */ = {isa = PBXFileReference; fileEncoding = 4; lastKnownFileType = sourcecode.swift; path = KDCircularProgress.swift; sourceTree = "<group>"; };
		C8A278EC1DF360E50064E11C /* CupboardCollectionViewController.swift */ = {isa = PBXFileReference; fileEncoding = 4; lastKnownFileType = sourcecode.swift; path = CupboardCollectionViewController.swift; sourceTree = "<group>"; };
		C8B460DB1DE38E32003DB92E /* DataObjects.swift */ = {isa = PBXFileReference; fileEncoding = 4; lastKnownFileType = sourcecode.swift; path = DataObjects.swift; sourceTree = "<group>"; };
		C8D432521DECA10500474E29 /* AmountSelectionViewController.swift */ = {isa = PBXFileReference; fileEncoding = 4; lastKnownFileType = sourcecode.swift; path = AmountSelectionViewController.swift; sourceTree = "<group>"; };
		C8DE82431DEA875F0054721B /* FoodMarketTableViewController.swift */ = {isa = PBXFileReference; fileEncoding = 4; lastKnownFileType = sourcecode.swift; path = FoodMarketTableViewController.swift; sourceTree = "<group>"; };
		C8E102031DEFA450007E4027 /* YearJBChartViewController.swift */ = {isa = PBXFileReference; fileEncoding = 4; lastKnownFileType = sourcecode.swift; path = YearJBChartViewController.swift; sourceTree = "<group>"; };
		D3504D3B2294E124901D9BCC /* Pods-FitCat2.debug.xcconfig */ = {isa = PBXFileReference; includeInIndex = 1; lastKnownFileType = text.xcconfig; name = "Pods-FitCat2.debug.xcconfig"; path = "Pods/Target Support Files/Pods-FitCat2/Pods-FitCat2.debug.xcconfig"; sourceTree = "<group>"; };
		D9868AC8BB66EC9287342934 /* Pods-FitCat2Tests.debug.xcconfig */ = {isa = PBXFileReference; includeInIndex = 1; lastKnownFileType = text.xcconfig; name = "Pods-FitCat2Tests.debug.xcconfig"; path = "Pods/Target Support Files/Pods-FitCat2Tests/Pods-FitCat2Tests.debug.xcconfig"; sourceTree = "<group>"; };
		FB5BF5A827F67128467B61AB /* Pods-FitCat2UITests.debug.xcconfig */ = {isa = PBXFileReference; includeInIndex = 1; lastKnownFileType = text.xcconfig; name = "Pods-FitCat2UITests.debug.xcconfig"; path = "Pods/Target Support Files/Pods-FitCat2UITests/Pods-FitCat2UITests.debug.xcconfig"; sourceTree = "<group>"; };
/* End PBXFileReference section */

/* Begin PBXFrameworksBuildPhase section */
		C860BC0C1DE360AE005E00CC /* Frameworks */ = {
			isa = PBXFrameworksBuildPhase;
			buildActionMask = 2147483647;
			files = (
				4B33674AA79D7C495F04881B /* Pods_FitCat2.framework in Frameworks */,
			);
			runOnlyForDeploymentPostprocessing = 0;
		};
/* End PBXFrameworksBuildPhase section */

/* Begin PBXGroup section */
		5030E2901E0E70A0000EFC28 /* Extensions */ = {
			isa = PBXGroup;
			children = (
				5050301D1ED336B7004105BA /* Firebase.swift */,
				50ECD7A71E955030002A7183 /* SMSegmentView */,
				5030E28E1E0E709C000EFC28 /* Extensions.swift */,
			);
			name = Extensions;
			sourceTree = "<group>";
		};
		50BFD3A61ED9C10B005CC5AC /* Views */ = {
			isa = PBXGroup;
			children = (
				50BFD3A41ED9C106005CC5AC /* AmountSelectionView.swift */,
			);
			name = Views;
			sourceTree = "<group>";
		};
		50E734821E08F63F005B0792 /* ViewControllers */ = {
			isa = PBXGroup;
			children = (
				50ECD7A31E953806002A7183 /* Correct VCS */,
				50ECD7A61E953DF6002A7183 /* Old VCS */,
			);
			name = ViewControllers;
			sourceTree = "<group>";
		};
		50E734831E08F65F005B0792 /* Cells */ = {
			isa = PBXGroup;
			children = (
				C8343F771DEB5C5C00AE0DF6 /* TableViewCell.swift */,
				507CDAEA1E9320270057598F /* CatCollectionViewCell.swift */,
				50AD3AF21E981015003C3F87 /* CatDetailTableViewCell.swift */,
				506587C61ED7B780007B47C5 /* FoodSearchTableViewCell.swift */,
				506587CA1ED8E5AC007B47C5 /* FoodPantryCollectionViewCell.swift */,
			);
			name = Cells;
			sourceTree = "<group>";
		};
		50E734841E08F691005B0792 /* Models */ = {
			isa = PBXGroup;
			children = (
				5030E28A1E0B8358000EFC28 /* WeightPicker.swift */,
				C8927BED1DE6222B000711DD /* PlanGeneration.swift */,
				C8927BE71DE6204E000711DD /* CreateCat.swift */,
				5078DC7A1E1C66D700FD9B01 /* CreateCatModel.swift */,
				50D94C231E20AF2100B54C27 /* PlanModel.swift */,
				50D94C251E20AF9A00B54C27 /* FoodSelectionModel.swift */,
				C8B460DB1DE38E32003DB92E /* DataObjects.swift */,
				50F38FC11E282FFB007ABD07 /* CatFeedingModel.swift */,
				506587C81ED7C52C007B47C5 /* FoodModel.swift */,
			);
			name = Models;
			sourceTree = "<group>";
		};
		50E734851E08F8FD005B0792 /* Animations */ = {
			isa = PBXGroup;
			children = (
				C8A278E81DF3601B0064E11C /* KDCircularProgress.swift */,
			);
			name = Animations;
			sourceTree = "<group>";
		};
		50ECD7A31E953806002A7183 /* Correct VCS */ = {
			isa = PBXGroup;
			children = (
				C8927BF31DE622E8000711DD /* SelectBCSViewController.swift */,
				C8927BE51DE61FF1000711DD /* CreateCatViewController.swift */,
				C8927BEF1DE6224F000711DD /* PlanOverviewControllerViewController.swift */,
				50B2720F1E78B55F005969C0 /* TipsViewController.swift */,
				5030E28C1E0E0676000EFC28 /* InitialViewController.swift */,
				5030E2951E110E95000EFC28 /* PreferencesViewController.swift */,
				5030E2971E12285F000EFC28 /* ReturningUserViewController.swift */,
				5030E2911E0F81C6000EFC28 /* SignUpViewController.swift */,
				5030E2931E0FAF74000EFC28 /* TermsOfServiceViewController.swift */,
				5088AF771E662D2A00B2CBA3 /* MeasurementViewController.swift */,
				507CDAE81E9307F10057598F /* CatCardCollectionViewController.swift */,
				50ECD7A41E953D94002A7183 /* CatDetailsViewController.swift */,
				504436521ED64532002C2A58 /* PantryCollectionViewController.swift */,
				504436541ED66852002C2A58 /* FoodMarketViewController.swift */,
			);
			name = "Correct VCS";
			sourceTree = "<group>";
		};
		50ECD7A61E953DF6002A7183 /* Old VCS */ = {
			isa = PBXGroup;
			children = (
				C8927BE31DE61FAF000711DD /* BreedTableViewController.swift */,
				C8927BF51DE6230B000711DD /* TestingTableViewController.swift */,
				C8DE82431DEA875F0054721B /* FoodMarketTableViewController.swift */,
				C8343F811DEB5DAC00AE0DF6 /* AllFoodUIViewController.swift */,
				C8D432521DECA10500474E29 /* AmountSelectionViewController.swift */,
				C8155B871DEE7C8E000535FC /* TodayTableViewController.swift */,
				C80F66E21DEF24AF0008F4AD /* JBChartViewController.swift */,
				C8E102031DEFA450007E4027 /* YearJBChartViewController.swift */,
				C82B78AC1DF0638500B1890F /* JBLineChartViewController.swift */,
				C8A278E61DF35F5F0064E11C /* MainPageController.swift */,
				C8A278EC1DF360E50064E11C /* CupboardCollectionViewController.swift */,
			);
			name = "Old VCS";
			sourceTree = "<group>";
		};
		50ECD7A71E955030002A7183 /* SMSegmentView */ = {
			isa = PBXGroup;
			children = (
				50ECD7A81E955040002A7183 /* SMSegment.swift */,
				50ECD7A91E955040002A7183 /* SMSegmentAppearance.swift */,
				50ECD7AA1E955040002A7183 /* SMSegmentView.swift */,
				50ECD7AB1E955040002A7183 /* SMSegmentViewConstants.swift */,
			);
			name = SMSegmentView;
			sourceTree = "<group>";
		};
		9237B95F10A1B1F78381B15A /* Pods */ = {
			isa = PBXGroup;
			children = (
				D3504D3B2294E124901D9BCC /* Pods-FitCat2.debug.xcconfig */,
				5BE0D10F1C8FDC7CC650A736 /* Pods-FitCat2.release.xcconfig */,
				D9868AC8BB66EC9287342934 /* Pods-FitCat2Tests.debug.xcconfig */,
				A7DC5F54A5833CBD644BE2D6 /* Pods-FitCat2Tests.release.xcconfig */,
				FB5BF5A827F67128467B61AB /* Pods-FitCat2UITests.debug.xcconfig */,
				86E9A460290C9786C3197B6D /* Pods-FitCat2UITests.release.xcconfig */,
			);
			name = Pods;
			sourceTree = "<group>";
		};
		B67A2780EA3928DB0A519EE9 /* Frameworks */ = {
			isa = PBXGroup;
			children = (
				A41889A4EAA11BE6953CE999 /* Pods_FitCat2.framework */,
				066762C49929BB70E9648594 /* Pods_FitCat2Tests.framework */,
				8A3A79738E9C12C61779FA7C /* Pods_FitCat2UITests.framework */,
			);
			name = Frameworks;
			sourceTree = "<group>";
		};
		C860BC061DE360AE005E00CC = {
			isa = PBXGroup;
			children = (
				C80F66D91DEF248B0008F4AD /* JBChartView-Bridging-Header.h */,
				5078DC771E1C523E00FD9B01 /* UIScrollView+EmptyDataSet.h */,
				5078DC781E1C523E00FD9B01 /* UIScrollView+EmptyDataSet.m */,
				C860BC111DE360AE005E00CC /* FitCat2 */,
				C860BC101DE360AE005E00CC /* Products */,
				9237B95F10A1B1F78381B15A /* Pods */,
				B67A2780EA3928DB0A519EE9 /* Frameworks */,
				5078DC761E1C523D00FD9B01 /* FitCat2-Bridging-Header.h */,
			);
			sourceTree = "<group>";
		};
		C860BC101DE360AE005E00CC /* Products */ = {
			isa = PBXGroup;
			children = (
				C860BC0F1DE360AE005E00CC /* FitCat2.app */,
			);
			name = Products;
			sourceTree = "<group>";
		};
		C860BC111DE360AE005E00CC /* FitCat2 */ = {
			isa = PBXGroup;
			children = (
				C860BC191DE360AE005E00CC /* Assets.xcassets */,
				C860BC161DE360AE005E00CC /* Main.storyboard */,
				C860BC1B1DE360AE005E00CC /* LaunchScreen.storyboard */,
				C860BC121DE360AE005E00CC /* AppDelegate.swift */,
				C860BC1E1DE360AE005E00CC /* Info.plist */,
				50CC55A31ECCE5A600D9B6D0 /* GoogleService-Info.plist */,
				50BFD3A61ED9C10B005CC5AC /* Views */,
				50E734831E08F65F005B0792 /* Cells */,
				50E734821E08F63F005B0792 /* ViewControllers */,
				5030E2901E0E70A0000EFC28 /* Extensions */,
				50E734841E08F691005B0792 /* Models */,
				50E734851E08F8FD005B0792 /* Animations */,
			);
			path = FitCat2;
			sourceTree = "<group>";
		};
/* End PBXGroup section */

/* Begin PBXNativeTarget section */
		C860BC0E1DE360AE005E00CC /* FitCat2 */ = {
			isa = PBXNativeTarget;
			buildConfigurationList = C860BC371DE360AE005E00CC /* Build configuration list for PBXNativeTarget "FitCat2" */;
			buildPhases = (
				66AE0D54150CCEC19386158C /* [CP] Check Pods Manifest.lock */,
				C860BC0B1DE360AE005E00CC /* Sources */,
				C860BC0C1DE360AE005E00CC /* Frameworks */,
				C860BC0D1DE360AE005E00CC /* Resources */,
				788A0165D65B9C3C0AF29F12 /* [CP] Embed Pods Frameworks */,
				734D0F5FA6ECF7FBDB15D524 /* [CP] Copy Pods Resources */,
			);
			buildRules = (
			);
			dependencies = (
			);
			name = FitCat2;
			productName = FitCat2;
			productReference = C860BC0F1DE360AE005E00CC /* FitCat2.app */;
			productType = "com.apple.product-type.application";
		};
/* End PBXNativeTarget section */

/* Begin PBXProject section */
		C860BC071DE360AE005E00CC /* Project object */ = {
			isa = PBXProject;
			attributes = {
				LastSwiftUpdateCheck = 0810;
				LastUpgradeCheck = 0820;
				ORGANIZATIONNAME = "Ming Yang";
				TargetAttributes = {
					C860BC0E1DE360AE005E00CC = {
						CreatedOnToolsVersion = 8.1;
						DevelopmentTeam = ALM2K2B6Z6;
						LastSwiftMigration = 0820;
						ProvisioningStyle = Automatic;
					};
				};
			};
			buildConfigurationList = C860BC0A1DE360AE005E00CC /* Build configuration list for PBXProject "FitCat2" */;
			compatibilityVersion = "Xcode 3.2";
			developmentRegion = English;
			hasScannedForEncodings = 0;
			knownRegions = (
				en,
				Base,
			);
			mainGroup = C860BC061DE360AE005E00CC;
			productRefGroup = C860BC101DE360AE005E00CC /* Products */;
			projectDirPath = "";
			projectRoot = "";
			targets = (
				C860BC0E1DE360AE005E00CC /* FitCat2 */,
			);
		};
/* End PBXProject section */

/* Begin PBXResourcesBuildPhase section */
		C860BC0D1DE360AE005E00CC /* Resources */ = {
			isa = PBXResourcesBuildPhase;
			buildActionMask = 2147483647;
			files = (
				C860BC1D1DE360AE005E00CC /* LaunchScreen.storyboard in Resources */,
				C860BC1A1DE360AE005E00CC /* Assets.xcassets in Resources */,
				50CC55A41ECCE5A600D9B6D0 /* GoogleService-Info.plist in Resources */,
				C860BC181DE360AE005E00CC /* Main.storyboard in Resources */,
			);
			runOnlyForDeploymentPostprocessing = 0;
		};
/* End PBXResourcesBuildPhase section */

/* Begin PBXShellScriptBuildPhase section */
		66AE0D54150CCEC19386158C /* [CP] Check Pods Manifest.lock */ = {
			isa = PBXShellScriptBuildPhase;
			buildActionMask = 2147483647;
			files = (
			);
			inputPaths = (
			);
			name = "[CP] Check Pods Manifest.lock";
			outputPaths = (
			);
			runOnlyForDeploymentPostprocessing = 0;
			shellPath = /bin/sh;
			shellScript = "diff \"${PODS_ROOT}/../Podfile.lock\" \"${PODS_ROOT}/Manifest.lock\" > /dev/null\nif [ $? != 0 ] ; then\n    # print error to STDERR\n    echo \"error: The sandbox is not in sync with the Podfile.lock. Run 'pod install' or update your CocoaPods installation.\" >&2\n    exit 1\nfi\n";
			showEnvVarsInLog = 0;
		};
		734D0F5FA6ECF7FBDB15D524 /* [CP] Copy Pods Resources */ = {
			isa = PBXShellScriptBuildPhase;
			buildActionMask = 2147483647;
			files = (
			);
			inputPaths = (
			);
			name = "[CP] Copy Pods Resources";
			outputPaths = (
			);
			runOnlyForDeploymentPostprocessing = 0;
			shellPath = /bin/sh;
			shellScript = "\"${SRCROOT}/Pods/Target Support Files/Pods-FitCat2/Pods-FitCat2-resources.sh\"\n";
			showEnvVarsInLog = 0;
		};
		788A0165D65B9C3C0AF29F12 /* [CP] Embed Pods Frameworks */ = {
			isa = PBXShellScriptBuildPhase;
			buildActionMask = 2147483647;
			files = (
			);
			inputPaths = (
			);
			name = "[CP] Embed Pods Frameworks";
			outputPaths = (
			);
			runOnlyForDeploymentPostprocessing = 0;
			shellPath = /bin/sh;
			shellScript = "\"${SRCROOT}/Pods/Target Support Files/Pods-FitCat2/Pods-FitCat2-frameworks.sh\"\n";
			showEnvVarsInLog = 0;
		};
/* End PBXShellScriptBuildPhase section */

/* Begin PBXSourcesBuildPhase section */
		C860BC0B1DE360AE005E00CC /* Sources */ = {
			isa = PBXSourcesBuildPhase;
			buildActionMask = 2147483647;
			files = (
				50F38FC21E282FFB007ABD07 /* CatFeedingModel.swift in Sources */,
				C860BC131DE360AE005E00CC /* AppDelegate.swift in Sources */,
				50B272101E78B55F005969C0 /* TipsViewController.swift in Sources */,
				5030E2941E0FAF74000EFC28 /* TermsOfServiceViewController.swift in Sources */,
				50D94C261E20AF9A00B54C27 /* FoodSelectionModel.swift in Sources */,
				C8155B881DEE7C8E000535FC /* TodayTableViewController.swift in Sources */,
				C8B460DC1DE38E32003DB92E /* DataObjects.swift in Sources */,
				C8A278ED1DF360E50064E11C /* CupboardCollectionViewController.swift in Sources */,
				50ECD7A51E953D94002A7183 /* CatDetailsViewController.swift in Sources */,
				C82B78AD1DF0638500B1890F /* JBLineChartViewController.swift in Sources */,
				C8D432531DECA10500474E29 /* AmountSelectionViewController.swift in Sources */,
				C8927BE81DE6204E000711DD /* CreateCat.swift in Sources */,
				C8343F781DEB5C5C00AE0DF6 /* TableViewCell.swift in Sources */,
				C8927BF41DE622E8000711DD /* SelectBCSViewController.swift in Sources */,
				507CDAE91E9307F10057598F /* CatCardCollectionViewController.swift in Sources */,
				506587C91ED7C52C007B47C5 /* FoodModel.swift in Sources */,
				50BFD3A51ED9C106005CC5AC /* AmountSelectionView.swift in Sources */,
				507CDAEB1E9320270057598F /* CatCollectionViewCell.swift in Sources */,
				5030E28B1E0B8358000EFC28 /* WeightPicker.swift in Sources */,
				C8A278E91DF3601B0064E11C /* KDCircularProgress.swift in Sources */,
				5030E2981E12285F000EFC28 /* ReturningUserViewController.swift in Sources */,
				C8927BEE1DE6222B000711DD /* PlanGeneration.swift in Sources */,
				50ECD7AE1E955040002A7183 /* SMSegmentView.swift in Sources */,
				5030E2921E0F81C6000EFC28 /* SignUpViewController.swift in Sources */,
				C8927BE61DE61FF1000711DD /* CreateCatViewController.swift in Sources */,
				50ECD7AC1E955040002A7183 /* SMSegment.swift in Sources */,
				50ECD7AD1E955040002A7183 /* SMSegmentAppearance.swift in Sources */,
				C8E102041DEFA450007E4027 /* YearJBChartViewController.swift in Sources */,
				5030E28D1E0E0676000EFC28 /* InitialViewController.swift in Sources */,
				504436551ED66852002C2A58 /* FoodMarketViewController.swift in Sources */,
				50AD3AF31E981015003C3F87 /* CatDetailTableViewCell.swift in Sources */,
				C8927BF61DE6230B000711DD /* TestingTableViewController.swift in Sources */,
				C8343F821DEB5DAC00AE0DF6 /* AllFoodUIViewController.swift in Sources */,
				C8DE82441DEA875F0054721B /* FoodMarketTableViewController.swift in Sources */,
				50ECD7AF1E955040002A7183 /* SMSegmentViewConstants.swift in Sources */,
				506587CB1ED8E5AC007B47C5 /* FoodPantryCollectionViewCell.swift in Sources */,
				5050301E1ED336B7004105BA /* Firebase.swift in Sources */,
				C8927BF01DE6224F000711DD /* PlanOverviewControllerViewController.swift in Sources */,
				5030E28F1E0E709C000EFC28 /* Extensions.swift in Sources */,
				C80F66E31DEF24AF0008F4AD /* JBChartViewController.swift in Sources */,
				5088AF781E662D2A00B2CBA3 /* MeasurementViewController.swift in Sources */,
				C8A278E71DF35F5F0064E11C /* MainPageController.swift in Sources */,
				5078DC7B1E1C66D700FD9B01 /* CreateCatModel.swift in Sources */,
				50D94C241E20AF2100B54C27 /* PlanModel.swift in Sources */,
				504436531ED64532002C2A58 /* PantryCollectionViewController.swift in Sources */,
				C8927BE41DE61FAF000711DD /* BreedTableViewController.swift in Sources */,
				5030E2961E110E95000EFC28 /* PreferencesViewController.swift in Sources */,
				5078DC791E1C523E00FD9B01 /* UIScrollView+EmptyDataSet.m in Sources */,
				506587C71ED7B780007B47C5 /* FoodSearchTableViewCell.swift in Sources */,
			);
			runOnlyForDeploymentPostprocessing = 0;
		};
/* End PBXSourcesBuildPhase section */

/* Begin PBXVariantGroup section */
		C860BC161DE360AE005E00CC /* Main.storyboard */ = {
			isa = PBXVariantGroup;
			children = (
				C860BC171DE360AE005E00CC /* Base */,
			);
			name = Main.storyboard;
			sourceTree = "<group>";
		};
		C860BC1B1DE360AE005E00CC /* LaunchScreen.storyboard */ = {
			isa = PBXVariantGroup;
			children = (
				C860BC1C1DE360AE005E00CC /* Base */,
			);
			name = LaunchScreen.storyboard;
			sourceTree = "<group>";
		};
/* End PBXVariantGroup section */

/* Begin XCBuildConfiguration section */
		C860BC351DE360AE005E00CC /* Debug */ = {
			isa = XCBuildConfiguration;
			buildSettings = {
				ALWAYS_SEARCH_USER_PATHS = NO;
				CLANG_ANALYZER_NONNULL = YES;
				CLANG_CXX_LANGUAGE_STANDARD = "gnu++0x";
				CLANG_CXX_LIBRARY = "libc++";
				CLANG_ENABLE_MODULES = YES;
				CLANG_ENABLE_OBJC_ARC = YES;
				CLANG_WARN_BOOL_CONVERSION = YES;
				CLANG_WARN_CONSTANT_CONVERSION = YES;
				CLANG_WARN_DIRECT_OBJC_ISA_USAGE = YES_ERROR;
				CLANG_WARN_DOCUMENTATION_COMMENTS = YES;
				CLANG_WARN_EMPTY_BODY = YES;
				CLANG_WARN_ENUM_CONVERSION = YES;
				CLANG_WARN_INFINITE_RECURSION = YES;
				CLANG_WARN_INT_CONVERSION = YES;
				CLANG_WARN_OBJC_ROOT_CLASS = YES_ERROR;
				CLANG_WARN_SUSPICIOUS_MOVE = YES;
				CLANG_WARN_SUSPICIOUS_MOVES = YES;
				CLANG_WARN_UNREACHABLE_CODE = YES;
				CLANG_WARN__DUPLICATE_METHOD_MATCH = YES;
				"CODE_SIGN_IDENTITY[sdk=iphoneos*]" = "iPhone Developer";
				COPY_PHASE_STRIP = NO;
				DEBUG_INFORMATION_FORMAT = dwarf;
				ENABLE_STRICT_OBJC_MSGSEND = YES;
				ENABLE_TESTABILITY = YES;
				GCC_C_LANGUAGE_STANDARD = gnu99;
				GCC_DYNAMIC_NO_PIC = NO;
				GCC_NO_COMMON_BLOCKS = YES;
				GCC_OPTIMIZATION_LEVEL = 0;
				GCC_PREPROCESSOR_DEFINITIONS = (
					"DEBUG=1",
					"$(inherited)",
				);
				GCC_WARN_64_TO_32_BIT_CONVERSION = YES;
				GCC_WARN_ABOUT_RETURN_TYPE = YES_ERROR;
				GCC_WARN_UNDECLARED_SELECTOR = YES;
				GCC_WARN_UNINITIALIZED_AUTOS = YES_AGGRESSIVE;
				GCC_WARN_UNUSED_FUNCTION = YES;
				GCC_WARN_UNUSED_VARIABLE = YES;
				IPHONEOS_DEPLOYMENT_TARGET = 10.1;
				MTL_ENABLE_DEBUG_INFO = YES;
				ONLY_ACTIVE_ARCH = YES;
				SDKROOT = iphoneos;
				SWIFT_ACTIVE_COMPILATION_CONDITIONS = DEBUG;
				SWIFT_OPTIMIZATION_LEVEL = "-Onone";
			};
			name = Debug;
		};
		C860BC361DE360AE005E00CC /* Release */ = {
			isa = XCBuildConfiguration;
			buildSettings = {
				ALWAYS_SEARCH_USER_PATHS = NO;
				CLANG_ANALYZER_NONNULL = YES;
				CLANG_CXX_LANGUAGE_STANDARD = "gnu++0x";
				CLANG_CXX_LIBRARY = "libc++";
				CLANG_ENABLE_MODULES = YES;
				CLANG_ENABLE_OBJC_ARC = YES;
				CLANG_WARN_BOOL_CONVERSION = YES;
				CLANG_WARN_CONSTANT_CONVERSION = YES;
				CLANG_WARN_DIRECT_OBJC_ISA_USAGE = YES_ERROR;
				CLANG_WARN_DOCUMENTATION_COMMENTS = YES;
				CLANG_WARN_EMPTY_BODY = YES;
				CLANG_WARN_ENUM_CONVERSION = YES;
				CLANG_WARN_INFINITE_RECURSION = YES;
				CLANG_WARN_INT_CONVERSION = YES;
				CLANG_WARN_OBJC_ROOT_CLASS = YES_ERROR;
				CLANG_WARN_SUSPICIOUS_MOVE = YES;
				CLANG_WARN_SUSPICIOUS_MOVES = YES;
				CLANG_WARN_UNREACHABLE_CODE = YES;
				CLANG_WARN__DUPLICATE_METHOD_MATCH = YES;
				"CODE_SIGN_IDENTITY[sdk=iphoneos*]" = "iPhone Developer";
				COPY_PHASE_STRIP = NO;
				DEBUG_INFORMATION_FORMAT = "dwarf-with-dsym";
				ENABLE_NS_ASSERTIONS = NO;
				ENABLE_STRICT_OBJC_MSGSEND = YES;
				GCC_C_LANGUAGE_STANDARD = gnu99;
				GCC_NO_COMMON_BLOCKS = YES;
				GCC_WARN_64_TO_32_BIT_CONVERSION = YES;
				GCC_WARN_ABOUT_RETURN_TYPE = YES_ERROR;
				GCC_WARN_UNDECLARED_SELECTOR = YES;
				GCC_WARN_UNINITIALIZED_AUTOS = YES_AGGRESSIVE;
				GCC_WARN_UNUSED_FUNCTION = YES;
				GCC_WARN_UNUSED_VARIABLE = YES;
				IPHONEOS_DEPLOYMENT_TARGET = 10.1;
				MTL_ENABLE_DEBUG_INFO = NO;
				SDKROOT = iphoneos;
				SWIFT_OPTIMIZATION_LEVEL = "-Owholemodule";
				VALIDATE_PRODUCT = YES;
			};
			name = Release;
		};
		C860BC381DE360AE005E00CC /* Debug */ = {
			isa = XCBuildConfiguration;
			baseConfigurationReference = D3504D3B2294E124901D9BCC /* Pods-FitCat2.debug.xcconfig */;
			buildSettings = {
				ALWAYS_EMBED_SWIFT_STANDARD_LIBRARIES = YES;
				ASSETCATALOG_COMPILER_APPICON_NAME = AppIcon;
				CLANG_ENABLE_MODULES = YES;
				DEVELOPMENT_TEAM = ALM2K2B6Z6;
				INFOPLIST_FILE = FitCat2/Info.plist;
				IPHONEOS_DEPLOYMENT_TARGET = 9.0;
				LD_RUNPATH_SEARCH_PATHS = "$(inherited) @executable_path/Frameworks";
				PRODUCT_BUNDLE_IDENTIFIER = com.cornell.fitcat;
				PRODUCT_NAME = "$(TARGET_NAME)";
				SWIFT_OBJC_BRIDGING_HEADER = "FitCat2-Bridging-Header.h";
				SWIFT_OPTIMIZATION_LEVEL = "-Onone";
				SWIFT_VERSION = 3.0;
				TARGETED_DEVICE_FAMILY = 1;
			};
			name = Debug;
		};
		C860BC391DE360AE005E00CC /* Release */ = {
			isa = XCBuildConfiguration;
			baseConfigurationReference = 5BE0D10F1C8FDC7CC650A736 /* Pods-FitCat2.release.xcconfig */;
			buildSettings = {
				ALWAYS_EMBED_SWIFT_STANDARD_LIBRARIES = YES;
				ASSETCATALOG_COMPILER_APPICON_NAME = AppIcon;
				CLANG_ENABLE_MODULES = YES;
				DEVELOPMENT_TEAM = ALM2K2B6Z6;
				INFOPLIST_FILE = FitCat2/Info.plist;
				IPHONEOS_DEPLOYMENT_TARGET = 9.0;
				LD_RUNPATH_SEARCH_PATHS = "$(inherited) @executable_path/Frameworks";
				PRODUCT_BUNDLE_IDENTIFIER = com.cornell.fitcat;
				PRODUCT_NAME = "$(TARGET_NAME)";
				SWIFT_OBJC_BRIDGING_HEADER = "FitCat2-Bridging-Header.h";
				SWIFT_VERSION = 3.0;
				TARGETED_DEVICE_FAMILY = 1;
			};
			name = Release;
		};
/* End XCBuildConfiguration section */

/* Begin XCConfigurationList section */
		C860BC0A1DE360AE005E00CC /* Build configuration list for PBXProject "FitCat2" */ = {
			isa = XCConfigurationList;
			buildConfigurations = (
				C860BC351DE360AE005E00CC /* Debug */,
				C860BC361DE360AE005E00CC /* Release */,
			);
			defaultConfigurationIsVisible = 0;
			defaultConfigurationName = Release;
		};
		C860BC371DE360AE005E00CC /* Build configuration list for PBXNativeTarget "FitCat2" */ = {
			isa = XCConfigurationList;
			buildConfigurations = (
				C860BC381DE360AE005E00CC /* Debug */,
				C860BC391DE360AE005E00CC /* Release */,
			);
			defaultConfigurationIsVisible = 0;
			defaultConfigurationName = Release;
		};
/* End XCConfigurationList section */
	};
	rootObject = C860BC071DE360AE005E00CC /* Project object */;
}
