// !$*UTF8*$!
{
	archiveVersion = 1;
	classes = {
	};
	objectVersion = 46;
	objects = {

/* Begin PBXBuildFile section */
		4B33674AA79D7C495F04881B /* Pods_FitCat2.framework in Frameworks */ = {isa = PBXBuildFile; fileRef = A41889A4EAA11BE6953CE999 /* Pods_FitCat2.framework */; };
		5030E28B1E0B8358000EFC28 /* WeightPicker.swift in Sources */ = {isa = PBXBuildFile; fileRef = 5030E28A1E0B8358000EFC28 /* WeightPicker.swift */; };
		5030E28D1E0E0676000EFC28 /* InitialViewController.swift in Sources */ = {isa = PBXBuildFile; fileRef = 5030E28C1E0E0676000EFC28 /* InitialViewController.swift */; };
		5030E28F1E0E709C000EFC28 /* Extensions.swift in Sources */ = {isa = PBXBuildFile; fileRef = 5030E28E1E0E709C000EFC28 /* Extensions.swift */; };
		5030E2921E0F81C6000EFC28 /* SignUpViewController.swift in Sources */ = {isa = PBXBuildFile; fileRef = 5030E2911E0F81C6000EFC28 /* SignUpViewController.swift */; };
		5030E2941E0FAF74000EFC28 /* TermsOfServiceViewController.swift in Sources */ = {isa = PBXBuildFile; fileRef = 5030E2931E0FAF74000EFC28 /* TermsOfServiceViewController.swift */; };
		5658C0980CA8592D66FFB172 /* Pods_FitCat2Tests.framework in Frameworks */ = {isa = PBXBuildFile; fileRef = 066762C49929BB70E9648594 /* Pods_FitCat2Tests.framework */; };
		686370EB8E56D8C174442C29 /* Pods_FitCat2UITests.framework in Frameworks */ = {isa = PBXBuildFile; fileRef = 8A3A79738E9C12C61779FA7C /* Pods_FitCat2UITests.framework */; };
		C80F66E31DEF24AF0008F4AD /* JBChartViewController.swift in Sources */ = {isa = PBXBuildFile; fileRef = C80F66E21DEF24AF0008F4AD /* JBChartViewController.swift */; };
		C8155B881DEE7C8E000535FC /* TodayTableViewController.swift in Sources */ = {isa = PBXBuildFile; fileRef = C8155B871DEE7C8E000535FC /* TodayTableViewController.swift */; };
		C82B78AD1DF0638500B1890F /* JBLineChartViewController.swift in Sources */ = {isa = PBXBuildFile; fileRef = C82B78AC1DF0638500B1890F /* JBLineChartViewController.swift */; };
		C8343F781DEB5C5C00AE0DF6 /* TableViewCell.swift in Sources */ = {isa = PBXBuildFile; fileRef = C8343F771DEB5C5C00AE0DF6 /* TableViewCell.swift */; };
		C8343F821DEB5DAC00AE0DF6 /* AllFoodUIViewController.swift in Sources */ = {isa = PBXBuildFile; fileRef = C8343F811DEB5DAC00AE0DF6 /* AllFoodUIViewController.swift */; };
		C860BC131DE360AE005E00CC /* AppDelegate.swift in Sources */ = {isa = PBXBuildFile; fileRef = C860BC121DE360AE005E00CC /* AppDelegate.swift */; };
		C860BC181DE360AE005E00CC /* Main.storyboard in Resources */ = {isa = PBXBuildFile; fileRef = C860BC161DE360AE005E00CC /* Main.storyboard */; };
		C860BC1A1DE360AE005E00CC /* Assets.xcassets in Resources */ = {isa = PBXBuildFile; fileRef = C860BC191DE360AE005E00CC /* Assets.xcassets */; };
		C860BC1D1DE360AE005E00CC /* LaunchScreen.storyboard in Resources */ = {isa = PBXBuildFile; fileRef = C860BC1B1DE360AE005E00CC /* LaunchScreen.storyboard */; };
		C8927BE41DE61FAF000711DD /* BreedTableViewController.swift in Sources */ = {isa = PBXBuildFile; fileRef = C8927BE31DE61FAF000711DD /* BreedTableViewController.swift */; };
		C8927BE61DE61FF1000711DD /* CatDetailsController.swift in Sources */ = {isa = PBXBuildFile; fileRef = C8927BE51DE61FF1000711DD /* CatDetailsController.swift */; };
		C8927BE81DE6204E000711DD /* CreateCat.swift in Sources */ = {isa = PBXBuildFile; fileRef = C8927BE71DE6204E000711DD /* CreateCat.swift */; };
		C8927BEA1DE62099000711DD /* JoinViewController.swift in Sources */ = {isa = PBXBuildFile; fileRef = C8927BE91DE62099000711DD /* JoinViewController.swift */; };
		C8927BEC1DE6215A000711DD /* LoginViewController.swift in Sources */ = {isa = PBXBuildFile; fileRef = C8927BEB1DE6215A000711DD /* LoginViewController.swift */; };
		C8927BEE1DE6222B000711DD /* PlanGeneration.swift in Sources */ = {isa = PBXBuildFile; fileRef = C8927BED1DE6222B000711DD /* PlanGeneration.swift */; };
		C8927BF01DE6224F000711DD /* PlanOverviewControllerViewController.swift in Sources */ = {isa = PBXBuildFile; fileRef = C8927BEF1DE6224F000711DD /* PlanOverviewControllerViewController.swift */; };
		C8927BF21DE6228F000711DD /* SecondViewController.swift in Sources */ = {isa = PBXBuildFile; fileRef = C8927BF11DE6228F000711DD /* SecondViewController.swift */; };
		C8927BF41DE622E8000711DD /* SelectBCSViewController.swift in Sources */ = {isa = PBXBuildFile; fileRef = C8927BF31DE622E8000711DD /* SelectBCSViewController.swift */; };
		C8927BF61DE6230B000711DD /* TestingTableViewController.swift in Sources */ = {isa = PBXBuildFile; fileRef = C8927BF51DE6230B000711DD /* TestingTableViewController.swift */; };
		C8927BF81DE6232B000711DD /* TipsForSuccessViewController.swift in Sources */ = {isa = PBXBuildFile; fileRef = C8927BF71DE6232B000711DD /* TipsForSuccessViewController.swift */; };
		C8927BFA1DE62349000711DD /* ViewController.swift in Sources */ = {isa = PBXBuildFile; fileRef = C8927BF91DE62349000711DD /* ViewController.swift */; };
		C8A278E71DF35F5F0064E11C /* MainPageController.swift in Sources */ = {isa = PBXBuildFile; fileRef = C8A278E61DF35F5F0064E11C /* MainPageController.swift */; };
		C8A278E91DF3601B0064E11C /* KDCircularProgress.swift in Sources */ = {isa = PBXBuildFile; fileRef = C8A278E81DF3601B0064E11C /* KDCircularProgress.swift */; };
		C8A278EB1DF3608F0064E11C /* CatCardsViewController.swift in Sources */ = {isa = PBXBuildFile; fileRef = C8A278EA1DF3608F0064E11C /* CatCardsViewController.swift */; };
		C8A278ED1DF360E50064E11C /* CupboardCollectionViewController.swift in Sources */ = {isa = PBXBuildFile; fileRef = C8A278EC1DF360E50064E11C /* CupboardCollectionViewController.swift */; };
		C8B460DC1DE38E32003DB92E /* DataObjects.swift in Sources */ = {isa = PBXBuildFile; fileRef = C8B460DB1DE38E32003DB92E /* DataObjects.swift */; };
		C8D432481DEC053900474E29 /* NewCatCardsCollectionViewController.swift in Sources */ = {isa = PBXBuildFile; fileRef = C8D432471DEC053900474E29 /* NewCatCardsCollectionViewController.swift */; };
		C8D432531DECA10500474E29 /* AmountSelectionViewController.swift in Sources */ = {isa = PBXBuildFile; fileRef = C8D432521DECA10500474E29 /* AmountSelectionViewController.swift */; };
		C8DE82441DEA875F0054721B /* FoodMarketTableViewController.swift in Sources */ = {isa = PBXBuildFile; fileRef = C8DE82431DEA875F0054721B /* FoodMarketTableViewController.swift */; };
		C8E102041DEFA450007E4027 /* YearJBChartViewController.swift in Sources */ = {isa = PBXBuildFile; fileRef = C8E102031DEFA450007E4027 /* YearJBChartViewController.swift */; };
/* End PBXBuildFile section */

/* Begin PBXContainerItemProxy section */
		C860BC241DE360AE005E00CC /* PBXContainerItemProxy */ = {
			isa = PBXContainerItemProxy;
			containerPortal = C860BC071DE360AE005E00CC /* Project object */;
			proxyType = 1;
			remoteGlobalIDString = C860BC0E1DE360AE005E00CC;
			remoteInfo = FitCat2;
		};
		C860BC2F1DE360AE005E00CC /* PBXContainerItemProxy */ = {
			isa = PBXContainerItemProxy;
			containerPortal = C860BC071DE360AE005E00CC /* Project object */;
			proxyType = 1;
			remoteGlobalIDString = C860BC0E1DE360AE005E00CC;
			remoteInfo = FitCat2;
		};
/* End PBXContainerItemProxy section */

/* Begin PBXFileReference section */
		066762C49929BB70E9648594 /* Pods_FitCat2Tests.framework */ = {isa = PBXFileReference; explicitFileType = wrapper.framework; includeInIndex = 0; path = Pods_FitCat2Tests.framework; sourceTree = BUILT_PRODUCTS_DIR; };
		5030E28A1E0B8358000EFC28 /* WeightPicker.swift */ = {isa = PBXFileReference; fileEncoding = 4; lastKnownFileType = sourcecode.swift; path = WeightPicker.swift; sourceTree = "<group>"; };
		5030E28C1E0E0676000EFC28 /* InitialViewController.swift */ = {isa = PBXFileReference; fileEncoding = 4; lastKnownFileType = sourcecode.swift; path = InitialViewController.swift; sourceTree = "<group>"; };
		5030E28E1E0E709C000EFC28 /* Extensions.swift */ = {isa = PBXFileReference; fileEncoding = 4; lastKnownFileType = sourcecode.swift; path = Extensions.swift; sourceTree = "<group>"; };
		5030E2911E0F81C6000EFC28 /* SignUpViewController.swift */ = {isa = PBXFileReference; fileEncoding = 4; lastKnownFileType = sourcecode.swift; path = SignUpViewController.swift; sourceTree = "<group>"; };
		5030E2931E0FAF74000EFC28 /* TermsOfServiceViewController.swift */ = {isa = PBXFileReference; fileEncoding = 4; lastKnownFileType = sourcecode.swift; path = TermsOfServiceViewController.swift; sourceTree = "<group>"; };
		5BE0D10F1C8FDC7CC650A736 /* Pods-FitCat2.release.xcconfig */ = {isa = PBXFileReference; includeInIndex = 1; lastKnownFileType = text.xcconfig; name = "Pods-FitCat2.release.xcconfig"; path = "Pods/Target Support Files/Pods-FitCat2/Pods-FitCat2.release.xcconfig"; sourceTree = "<group>"; };
		86E9A460290C9786C3197B6D /* Pods-FitCat2UITests.release.xcconfig */ = {isa = PBXFileReference; includeInIndex = 1; lastKnownFileType = text.xcconfig; name = "Pods-FitCat2UITests.release.xcconfig"; path = "Pods/Target Support Files/Pods-FitCat2UITests/Pods-FitCat2UITests.release.xcconfig"; sourceTree = "<group>"; };
		8A3A79738E9C12C61779FA7C /* Pods_FitCat2UITests.framework */ = {isa = PBXFileReference; explicitFileType = wrapper.framework; includeInIndex = 0; path = Pods_FitCat2UITests.framework; sourceTree = BUILT_PRODUCTS_DIR; };
		A41889A4EAA11BE6953CE999 /* Pods_FitCat2.framework */ = {isa = PBXFileReference; explicitFileType = wrapper.framework; includeInIndex = 0; path = Pods_FitCat2.framework; sourceTree = BUILT_PRODUCTS_DIR; };
		A7DC5F54A5833CBD644BE2D6 /* Pods-FitCat2Tests.release.xcconfig */ = {isa = PBXFileReference; includeInIndex = 1; lastKnownFileType = text.xcconfig; name = "Pods-FitCat2Tests.release.xcconfig"; path = "Pods/Target Support Files/Pods-FitCat2Tests/Pods-FitCat2Tests.release.xcconfig"; sourceTree = "<group>"; };
		C80F66D91DEF248B0008F4AD /* JBChartView-Bridging-Header.h */ = {isa = PBXFileReference; lastKnownFileType = sourcecode.c.h; path = "JBChartView-Bridging-Header.h"; sourceTree = "<group>"; };
		C80F66E21DEF24AF0008F4AD /* JBChartViewController.swift */ = {isa = PBXFileReference; fileEncoding = 4; lastKnownFileType = sourcecode.swift; path = JBChartViewController.swift; sourceTree = "<group>"; };
		C8155B871DEE7C8E000535FC /* TodayTableViewController.swift */ = {isa = PBXFileReference; fileEncoding = 4; lastKnownFileType = sourcecode.swift; path = TodayTableViewController.swift; sourceTree = "<group>"; };
		C82B78AC1DF0638500B1890F /* JBLineChartViewController.swift */ = {isa = PBXFileReference; fileEncoding = 4; lastKnownFileType = sourcecode.swift; path = JBLineChartViewController.swift; sourceTree = "<group>"; };
		C8343F771DEB5C5C00AE0DF6 /* TableViewCell.swift */ = {isa = PBXFileReference; fileEncoding = 4; lastKnownFileType = sourcecode.swift; path = TableViewCell.swift; sourceTree = "<group>"; };
		C8343F811DEB5DAC00AE0DF6 /* AllFoodUIViewController.swift */ = {isa = PBXFileReference; fileEncoding = 4; lastKnownFileType = sourcecode.swift; path = AllFoodUIViewController.swift; sourceTree = "<group>"; };
		C860BC0F1DE360AE005E00CC /* FitCat2.app */ = {isa = PBXFileReference; explicitFileType = wrapper.application; includeInIndex = 0; path = FitCat2.app; sourceTree = BUILT_PRODUCTS_DIR; };
		C860BC121DE360AE005E00CC /* AppDelegate.swift */ = {isa = PBXFileReference; lastKnownFileType = sourcecode.swift; path = AppDelegate.swift; sourceTree = "<group>"; };
		C860BC171DE360AE005E00CC /* Base */ = {isa = PBXFileReference; lastKnownFileType = file.storyboard; name = Base; path = Base.lproj/Main.storyboard; sourceTree = "<group>"; };
		C860BC191DE360AE005E00CC /* Assets.xcassets */ = {isa = PBXFileReference; lastKnownFileType = folder.assetcatalog; path = Assets.xcassets; sourceTree = "<group>"; };
		C860BC1C1DE360AE005E00CC /* Base */ = {isa = PBXFileReference; lastKnownFileType = file.storyboard; name = Base; path = Base.lproj/LaunchScreen.storyboard; sourceTree = "<group>"; };
		C860BC1E1DE360AE005E00CC /* Info.plist */ = {isa = PBXFileReference; lastKnownFileType = text.plist.xml; path = Info.plist; sourceTree = "<group>"; };
		C860BC231DE360AE005E00CC /* FitCat2Tests.xctest */ = {isa = PBXFileReference; explicitFileType = wrapper.cfbundle; includeInIndex = 0; path = FitCat2Tests.xctest; sourceTree = BUILT_PRODUCTS_DIR; };
		C860BC2E1DE360AE005E00CC /* FitCat2UITests.xctest */ = {isa = PBXFileReference; explicitFileType = wrapper.cfbundle; includeInIndex = 0; path = FitCat2UITests.xctest; sourceTree = BUILT_PRODUCTS_DIR; };
		C8927BE31DE61FAF000711DD /* BreedTableViewController.swift */ = {isa = PBXFileReference; fileEncoding = 4; lastKnownFileType = sourcecode.swift; path = BreedTableViewController.swift; sourceTree = "<group>"; };
		C8927BE51DE61FF1000711DD /* CatDetailsController.swift */ = {isa = PBXFileReference; fileEncoding = 4; lastKnownFileType = sourcecode.swift; path = CatDetailsController.swift; sourceTree = "<group>"; };
		C8927BE71DE6204E000711DD /* CreateCat.swift */ = {isa = PBXFileReference; fileEncoding = 4; lastKnownFileType = sourcecode.swift; path = CreateCat.swift; sourceTree = "<group>"; };
		C8927BE91DE62099000711DD /* JoinViewController.swift */ = {isa = PBXFileReference; fileEncoding = 4; lastKnownFileType = sourcecode.swift; path = JoinViewController.swift; sourceTree = "<group>"; };
		C8927BEB1DE6215A000711DD /* LoginViewController.swift */ = {isa = PBXFileReference; fileEncoding = 4; lastKnownFileType = sourcecode.swift; path = LoginViewController.swift; sourceTree = "<group>"; };
		C8927BED1DE6222B000711DD /* PlanGeneration.swift */ = {isa = PBXFileReference; fileEncoding = 4; lastKnownFileType = sourcecode.swift; path = PlanGeneration.swift; sourceTree = "<group>"; };
		C8927BEF1DE6224F000711DD /* PlanOverviewControllerViewController.swift */ = {isa = PBXFileReference; fileEncoding = 4; lastKnownFileType = sourcecode.swift; path = PlanOverviewControllerViewController.swift; sourceTree = "<group>"; };
		C8927BF11DE6228F000711DD /* SecondViewController.swift */ = {isa = PBXFileReference; fileEncoding = 4; lastKnownFileType = sourcecode.swift; path = SecondViewController.swift; sourceTree = "<group>"; };
		C8927BF31DE622E8000711DD /* SelectBCSViewController.swift */ = {isa = PBXFileReference; fileEncoding = 4; lastKnownFileType = sourcecode.swift; path = SelectBCSViewController.swift; sourceTree = "<group>"; };
		C8927BF51DE6230B000711DD /* TestingTableViewController.swift */ = {isa = PBXFileReference; fileEncoding = 4; lastKnownFileType = sourcecode.swift; path = TestingTableViewController.swift; sourceTree = "<group>"; };
		C8927BF71DE6232B000711DD /* TipsForSuccessViewController.swift */ = {isa = PBXFileReference; fileEncoding = 4; lastKnownFileType = sourcecode.swift; path = TipsForSuccessViewController.swift; sourceTree = "<group>"; };
		C8927BF91DE62349000711DD /* ViewController.swift */ = {isa = PBXFileReference; fileEncoding = 4; lastKnownFileType = sourcecode.swift; path = ViewController.swift; sourceTree = "<group>"; };
		C8A278E61DF35F5F0064E11C /* MainPageController.swift */ = {isa = PBXFileReference; fileEncoding = 4; lastKnownFileType = sourcecode.swift; path = MainPageController.swift; sourceTree = "<group>"; };
		C8A278E81DF3601B0064E11C /* KDCircularProgress.swift */ = {isa = PBXFileReference; fileEncoding = 4; lastKnownFileType = sourcecode.swift; path = KDCircularProgress.swift; sourceTree = "<group>"; };
		C8A278EA1DF3608F0064E11C /* CatCardsViewController.swift */ = {isa = PBXFileReference; fileEncoding = 4; lastKnownFileType = sourcecode.swift; path = CatCardsViewController.swift; sourceTree = "<group>"; };
		C8A278EC1DF360E50064E11C /* CupboardCollectionViewController.swift */ = {isa = PBXFileReference; fileEncoding = 4; lastKnownFileType = sourcecode.swift; path = CupboardCollectionViewController.swift; sourceTree = "<group>"; };
		C8B460DB1DE38E32003DB92E /* DataObjects.swift */ = {isa = PBXFileReference; fileEncoding = 4; lastKnownFileType = sourcecode.swift; path = DataObjects.swift; sourceTree = "<group>"; };
		C8D432471DEC053900474E29 /* NewCatCardsCollectionViewController.swift */ = {isa = PBXFileReference; fileEncoding = 4; lastKnownFileType = sourcecode.swift; path = NewCatCardsCollectionViewController.swift; sourceTree = "<group>"; };
		C8D432521DECA10500474E29 /* AmountSelectionViewController.swift */ = {isa = PBXFileReference; fileEncoding = 4; lastKnownFileType = sourcecode.swift; path = AmountSelectionViewController.swift; sourceTree = "<group>"; };
		C8DE82431DEA875F0054721B /* FoodMarketTableViewController.swift */ = {isa = PBXFileReference; fileEncoding = 4; lastKnownFileType = sourcecode.swift; path = FoodMarketTableViewController.swift; sourceTree = "<group>"; };
		C8E102031DEFA450007E4027 /* YearJBChartViewController.swift */ = {isa = PBXFileReference; fileEncoding = 4; lastKnownFileType = sourcecode.swift; path = YearJBChartViewController.swift; sourceTree = "<group>"; };
		D3504D3B2294E124901D9BCC /* Pods-FitCat2.debug.xcconfig */ = {isa = PBXFileReference; includeInIndex = 1; lastKnownFileType = text.xcconfig; name = "Pods-FitCat2.debug.xcconfig"; path = "Pods/Target Support Files/Pods-FitCat2/Pods-FitCat2.debug.xcconfig"; sourceTree = "<group>"; };
		D9868AC8BB66EC9287342934 /* Pods-FitCat2Tests.debug.xcconfig */ = {isa = PBXFileReference; includeInIndex = 1; lastKnownFileType = text.xcconfig; name = "Pods-FitCat2Tests.debug.xcconfig"; path = "Pods/Target Support Files/Pods-FitCat2Tests/Pods-FitCat2Tests.debug.xcconfig"; sourceTree = "<group>"; };
		FB5BF5A827F67128467B61AB /* Pods-FitCat2UITests.debug.xcconfig */ = {isa = PBXFileReference; includeInIndex = 1; lastKnownFileType = text.xcconfig; name = "Pods-FitCat2UITests.debug.xcconfig"; path = "Pods/Target Support Files/Pods-FitCat2UITests/Pods-FitCat2UITests.debug.xcconfig"; sourceTree = "<group>"; };
/* End PBXFileReference section */

/* Begin PBXFrameworksBuildPhase section */
		C860BC0C1DE360AE005E00CC /* Frameworks */ = {
			isa = PBXFrameworksBuildPhase;
			buildActionMask = 2147483647;
			files = (
				4B33674AA79D7C495F04881B /* Pods_FitCat2.framework in Frameworks */,
			);
			runOnlyForDeploymentPostprocessing = 0;
		};
		C860BC201DE360AE005E00CC /* Frameworks */ = {
			isa = PBXFrameworksBuildPhase;
			buildActionMask = 2147483647;
			files = (
				5658C0980CA8592D66FFB172 /* Pods_FitCat2Tests.framework in Frameworks */,
			);
			runOnlyForDeploymentPostprocessing = 0;
		};
		C860BC2B1DE360AE005E00CC /* Frameworks */ = {
			isa = PBXFrameworksBuildPhase;
			buildActionMask = 2147483647;
			files = (
				686370EB8E56D8C174442C29 /* Pods_FitCat2UITests.framework in Frameworks */,
			);
			runOnlyForDeploymentPostprocessing = 0;
		};
/* End PBXFrameworksBuildPhase section */

/* Begin PBXGroup section */
		5030E2901E0E70A0000EFC28 /* Extensions */ = {
			isa = PBXGroup;
			children = (
				5030E28E1E0E709C000EFC28 /* Extensions.swift */,
			);
			name = Extensions;
			sourceTree = "<group>";
		};
		50E734821E08F63F005B0792 /* ViewControllers */ = {
			isa = PBXGroup;
			children = (
				C8927BEB1DE6215A000711DD /* LoginViewController.swift */,
				C8927BE91DE62099000711DD /* JoinViewController.swift */,
				C8927BF31DE622E8000711DD /* SelectBCSViewController.swift */,
				C8927BE31DE61FAF000711DD /* BreedTableViewController.swift */,
				C8927BE51DE61FF1000711DD /* CatDetailsController.swift */,
				C8927BEF1DE6224F000711DD /* PlanOverviewControllerViewController.swift */,
				C8927BF11DE6228F000711DD /* SecondViewController.swift */,
				C8927BF51DE6230B000711DD /* TestingTableViewController.swift */,
				C8927BF71DE6232B000711DD /* TipsForSuccessViewController.swift */,
				C8927BF91DE62349000711DD /* ViewController.swift */,
				C8DE82431DEA875F0054721B /* FoodMarketTableViewController.swift */,
				C8343F811DEB5DAC00AE0DF6 /* AllFoodUIViewController.swift */,
				C8D432471DEC053900474E29 /* NewCatCardsCollectionViewController.swift */,
				C8D432521DECA10500474E29 /* AmountSelectionViewController.swift */,
				C8155B871DEE7C8E000535FC /* TodayTableViewController.swift */,
				C80F66E21DEF24AF0008F4AD /* JBChartViewController.swift */,
				C8E102031DEFA450007E4027 /* YearJBChartViewController.swift */,
				C82B78AC1DF0638500B1890F /* JBLineChartViewController.swift */,
				C8A278E61DF35F5F0064E11C /* MainPageController.swift */,
				C8A278EA1DF3608F0064E11C /* CatCardsViewController.swift */,
				C8A278EC1DF360E50064E11C /* CupboardCollectionViewController.swift */,
				5030E28C1E0E0676000EFC28 /* InitialViewController.swift */,
				5030E2911E0F81C6000EFC28 /* SignUpViewController.swift */,
				5030E2931E0FAF74000EFC28 /* TermsOfServiceViewController.swift */,
			);
			name = ViewControllers;
			sourceTree = "<group>";
		};
		50E734831E08F65F005B0792 /* TableViewCells */ = {
			isa = PBXGroup;
			children = (
				C8343F771DEB5C5C00AE0DF6 /* TableViewCell.swift */,
			);
			name = TableViewCells;
			sourceTree = "<group>";
		};
		50E734841E08F691005B0792 /* Models */ = {
			isa = PBXGroup;
			children = (
				5030E28A1E0B8358000EFC28 /* WeightPicker.swift */,
				C8927BED1DE6222B000711DD /* PlanGeneration.swift */,
				C8927BE71DE6204E000711DD /* CreateCat.swift */,
				C8B460DB1DE38E32003DB92E /* DataObjects.swift */,
			);
			name = Models;
			sourceTree = "<group>";
		};
		50E734851E08F8FD005B0792 /* Animations */ = {
			isa = PBXGroup;
			children = (
				C8A278E81DF3601B0064E11C /* KDCircularProgress.swift */,
			);
			name = Animations;
			sourceTree = "<group>";
		};
		9237B95F10A1B1F78381B15A /* Pods */ = {
			isa = PBXGroup;
			children = (
				D3504D3B2294E124901D9BCC /* Pods-FitCat2.debug.xcconfig */,
				5BE0D10F1C8FDC7CC650A736 /* Pods-FitCat2.release.xcconfig */,
				D9868AC8BB66EC9287342934 /* Pods-FitCat2Tests.debug.xcconfig */,
				A7DC5F54A5833CBD644BE2D6 /* Pods-FitCat2Tests.release.xcconfig */,
				FB5BF5A827F67128467B61AB /* Pods-FitCat2UITests.debug.xcconfig */,
				86E9A460290C9786C3197B6D /* Pods-FitCat2UITests.release.xcconfig */,
			);
			name = Pods;
			sourceTree = "<group>";
		};
		B67A2780EA3928DB0A519EE9 /* Frameworks */ = {
			isa = PBXGroup;
			children = (
				A41889A4EAA11BE6953CE999 /* Pods_FitCat2.framework */,
				066762C49929BB70E9648594 /* Pods_FitCat2Tests.framework */,
				8A3A79738E9C12C61779FA7C /* Pods_FitCat2UITests.framework */,
			);
			name = Frameworks;
			sourceTree = "<group>";
		};
		C860BC061DE360AE005E00CC = {
			isa = PBXGroup;
			children = (
				C80F66D91DEF248B0008F4AD /* JBChartView-Bridging-Header.h */,
				C860BC111DE360AE005E00CC /* FitCat2 */,
				C860BC101DE360AE005E00CC /* Products */,
				9237B95F10A1B1F78381B15A /* Pods */,
				B67A2780EA3928DB0A519EE9 /* Frameworks */,
			);
			sourceTree = "<group>";
		};
		C860BC101DE360AE005E00CC /* Products */ = {
			isa = PBXGroup;
			children = (
				C860BC0F1DE360AE005E00CC /* FitCat2.app */,
				C860BC231DE360AE005E00CC /* FitCat2Tests.xctest */,
				C860BC2E1DE360AE005E00CC /* FitCat2UITests.xctest */,
			);
			name = Products;
			sourceTree = "<group>";
		};
		C860BC111DE360AE005E00CC /* FitCat2 */ = {
			isa = PBXGroup;
			children = (
				C860BC191DE360AE005E00CC /* Assets.xcassets */,
				C860BC161DE360AE005E00CC /* Main.storyboard */,
				C860BC1B1DE360AE005E00CC /* LaunchScreen.storyboard */,
				C860BC121DE360AE005E00CC /* AppDelegate.swift */,
				C860BC1E1DE360AE005E00CC /* Info.plist */,
				50E734831E08F65F005B0792 /* TableViewCells */,
				50E734821E08F63F005B0792 /* ViewControllers */,
				5030E2901E0E70A0000EFC28 /* Extensions */,
				50E734841E08F691005B0792 /* Models */,
				50E734851E08F8FD005B0792 /* Animations */,
			);
			path = FitCat2;
			sourceTree = "<group>";
		};
/* End PBXGroup section */

/* Begin PBXNativeTarget section */
		C860BC0E1DE360AE005E00CC /* FitCat2 */ = {
			isa = PBXNativeTarget;
			buildConfigurationList = C860BC371DE360AE005E00CC /* Build configuration list for PBXNativeTarget "FitCat2" */;
			buildPhases = (
				66AE0D54150CCEC19386158C /* [CP] Check Pods Manifest.lock */,
				C860BC0B1DE360AE005E00CC /* Sources */,
				C860BC0C1DE360AE005E00CC /* Frameworks */,
				C860BC0D1DE360AE005E00CC /* Resources */,
				788A0165D65B9C3C0AF29F12 /* [CP] Embed Pods Frameworks */,
				734D0F5FA6ECF7FBDB15D524 /* [CP] Copy Pods Resources */,
			);
			buildRules = (
			);
			dependencies = (
			);
			name = FitCat2;
			productName = FitCat2;
			productReference = C860BC0F1DE360AE005E00CC /* FitCat2.app */;
			productType = "com.apple.product-type.application";
		};
		C860BC221DE360AE005E00CC /* FitCat2Tests */ = {
			isa = PBXNativeTarget;
			buildConfigurationList = C860BC3A1DE360AE005E00CC /* Build configuration list for PBXNativeTarget "FitCat2Tests" */;
			buildPhases = (
				12C872E99F8E41643D247E11 /* [CP] Check Pods Manifest.lock */,
				C860BC1F1DE360AE005E00CC /* Sources */,
				C860BC201DE360AE005E00CC /* Frameworks */,
				C860BC211DE360AE005E00CC /* Resources */,
				B1E81F42F530A2CBC92C5614 /* [CP] Embed Pods Frameworks */,
				55C85ECC71E990ECBC920D28 /* [CP] Copy Pods Resources */,
			);
			buildRules = (
			);
			dependencies = (
				C860BC251DE360AE005E00CC /* PBXTargetDependency */,
			);
			name = FitCat2Tests;
			productName = FitCat2Tests;
			productReference = C860BC231DE360AE005E00CC /* FitCat2Tests.xctest */;
			productType = "com.apple.product-type.bundle.unit-test";
		};
		C860BC2D1DE360AE005E00CC /* FitCat2UITests */ = {
			isa = PBXNativeTarget;
			buildConfigurationList = C860BC3D1DE360AE005E00CC /* Build configuration list for PBXNativeTarget "FitCat2UITests" */;
			buildPhases = (
				A9244BC211A5B56EEC54C1B1 /* [CP] Check Pods Manifest.lock */,
				C860BC2A1DE360AE005E00CC /* Sources */,
				C860BC2B1DE360AE005E00CC /* Frameworks */,
				C860BC2C1DE360AE005E00CC /* Resources */,
				E06C6B74F46986B3FE976880 /* [CP] Embed Pods Frameworks */,
				0C4442DB7D389F0AF14F9ED5 /* [CP] Copy Pods Resources */,
			);
			buildRules = (
			);
			dependencies = (
				C860BC301DE360AE005E00CC /* PBXTargetDependency */,
			);
			name = FitCat2UITests;
			productName = FitCat2UITests;
			productReference = C860BC2E1DE360AE005E00CC /* FitCat2UITests.xctest */;
			productType = "com.apple.product-type.bundle.ui-testing";
		};
/* End PBXNativeTarget section */

/* Begin PBXProject section */
		C860BC071DE360AE005E00CC /* Project object */ = {
			isa = PBXProject;
			attributes = {
				LastSwiftUpdateCheck = 0810;
				LastUpgradeCheck = 0810;
				ORGANIZATIONNAME = "Ming Yang";
				TargetAttributes = {
					C860BC0E1DE360AE005E00CC = {
						CreatedOnToolsVersion = 8.1;
						DevelopmentTeam = 4JJ97T2879;
						ProvisioningStyle = Automatic;
					};
					C860BC221DE360AE005E00CC = {
						CreatedOnToolsVersion = 8.1;
						ProvisioningStyle = Automatic;
						TestTargetID = C860BC0E1DE360AE005E00CC;
					};
					C860BC2D1DE360AE005E00CC = {
						CreatedOnToolsVersion = 8.1;
						ProvisioningStyle = Automatic;
						TestTargetID = C860BC0E1DE360AE005E00CC;
					};
				};
			};
			buildConfigurationList = C860BC0A1DE360AE005E00CC /* Build configuration list for PBXProject "FitCat2" */;
			compatibilityVersion = "Xcode 3.2";
			developmentRegion = English;
			hasScannedForEncodings = 0;
			knownRegions = (
				en,
				Base,
			);
			mainGroup = C860BC061DE360AE005E00CC;
			productRefGroup = C860BC101DE360AE005E00CC /* Products */;
			projectDirPath = "";
			projectRoot = "";
			targets = (
				C860BC0E1DE360AE005E00CC /* FitCat2 */,
				C860BC221DE360AE005E00CC /* FitCat2Tests */,
				C860BC2D1DE360AE005E00CC /* FitCat2UITests */,
			);
		};
/* End PBXProject section */

/* Begin PBXResourcesBuildPhase section */
		C860BC0D1DE360AE005E00CC /* Resources */ = {
			isa = PBXResourcesBuildPhase;
			buildActionMask = 2147483647;
			files = (
				C860BC1D1DE360AE005E00CC /* LaunchScreen.storyboard in Resources */,
				C860BC1A1DE360AE005E00CC /* Assets.xcassets in Resources */,
				C860BC181DE360AE005E00CC /* Main.storyboard in Resources */,
			);
			runOnlyForDeploymentPostprocessing = 0;
		};
		C860BC211DE360AE005E00CC /* Resources */ = {
			isa = PBXResourcesBuildPhase;
			buildActionMask = 2147483647;
			files = (
			);
			runOnlyForDeploymentPostprocessing = 0;
		};
		C860BC2C1DE360AE005E00CC /* Resources */ = {
			isa = PBXResourcesBuildPhase;
			buildActionMask = 2147483647;
			files = (
			);
			runOnlyForDeploymentPostprocessing = 0;
		};
/* End PBXResourcesBuildPhase section */

/* Begin PBXShellScriptBuildPhase section */
		0C4442DB7D389F0AF14F9ED5 /* [CP] Copy Pods Resources */ = {
			isa = PBXShellScriptBuildPhase;
			buildActionMask = 2147483647;
			files = (
			);
			inputPaths = (
			);
			name = "[CP] Copy Pods Resources";
			outputPaths = (
			);
			runOnlyForDeploymentPostprocessing = 0;
			shellPath = /bin/sh;
			shellScript = "\"${SRCROOT}/Pods/Target Support Files/Pods-FitCat2UITests/Pods-FitCat2UITests-resources.sh\"\n";
			showEnvVarsInLog = 0;
		};
		12C872E99F8E41643D247E11 /* [CP] Check Pods Manifest.lock */ = {
			isa = PBXShellScriptBuildPhase;
			buildActionMask = 2147483647;
			files = (
			);
			inputPaths = (
			);
			name = "[CP] Check Pods Manifest.lock";
			outputPaths = (
			);
			runOnlyForDeploymentPostprocessing = 0;
			shellPath = /bin/sh;
			shellScript = "diff \"${PODS_ROOT}/../Podfile.lock\" \"${PODS_ROOT}/Manifest.lock\" > /dev/null\nif [ $? != 0 ] ; then\n    # print error to STDERR\n    echo \"error: The sandbox is not in sync with the Podfile.lock. Run 'pod install' or update your CocoaPods installation.\" >&2\n    exit 1\nfi\n";
			showEnvVarsInLog = 0;
		};
		55C85ECC71E990ECBC920D28 /* [CP] Copy Pods Resources */ = {
			isa = PBXShellScriptBuildPhase;
			buildActionMask = 2147483647;
			files = (
			);
			inputPaths = (
			);
			name = "[CP] Copy Pods Resources";
			outputPaths = (
			);
			runOnlyForDeploymentPostprocessing = 0;
			shellPath = /bin/sh;
			shellScript = "\"${SRCROOT}/Pods/Target Support Files/Pods-FitCat2Tests/Pods-FitCat2Tests-resources.sh\"\n";
			showEnvVarsInLog = 0;
		};
		66AE0D54150CCEC19386158C /* [CP] Check Pods Manifest.lock */ = {
			isa = PBXShellScriptBuildPhase;
			buildActionMask = 2147483647;
			files = (
			);
			inputPaths = (
			);
			name = "[CP] Check Pods Manifest.lock";
			outputPaths = (
			);
			runOnlyForDeploymentPostprocessing = 0;
			shellPath = /bin/sh;
			shellScript = "diff \"${PODS_ROOT}/../Podfile.lock\" \"${PODS_ROOT}/Manifest.lock\" > /dev/null\nif [ $? != 0 ] ; then\n    # print error to STDERR\n    echo \"error: The sandbox is not in sync with the Podfile.lock. Run 'pod install' or update your CocoaPods installation.\" >&2\n    exit 1\nfi\n";
			showEnvVarsInLog = 0;
		};
		734D0F5FA6ECF7FBDB15D524 /* [CP] Copy Pods Resources */ = {
			isa = PBXShellScriptBuildPhase;
			buildActionMask = 2147483647;
			files = (
			);
			inputPaths = (
			);
			name = "[CP] Copy Pods Resources";
			outputPaths = (
			);
			runOnlyForDeploymentPostprocessing = 0;
			shellPath = /bin/sh;
			shellScript = "\"${SRCROOT}/Pods/Target Support Files/Pods-FitCat2/Pods-FitCat2-resources.sh\"\n";
			showEnvVarsInLog = 0;
		};
		788A0165D65B9C3C0AF29F12 /* [CP] Embed Pods Frameworks */ = {
			isa = PBXShellScriptBuildPhase;
			buildActionMask = 2147483647;
			files = (
			);
			inputPaths = (
			);
			name = "[CP] Embed Pods Frameworks";
			outputPaths = (
			);
			runOnlyForDeploymentPostprocessing = 0;
			shellPath = /bin/sh;
			shellScript = "\"${SRCROOT}/Pods/Target Support Files/Pods-FitCat2/Pods-FitCat2-frameworks.sh\"\n";
			showEnvVarsInLog = 0;
		};
		A9244BC211A5B56EEC54C1B1 /* [CP] Check Pods Manifest.lock */ = {
			isa = PBXShellScriptBuildPhase;
			buildActionMask = 2147483647;
			files = (
			);
			inputPaths = (
			);
			name = "[CP] Check Pods Manifest.lock";
			outputPaths = (
			);
			runOnlyForDeploymentPostprocessing = 0;
			shellPath = /bin/sh;
			shellScript = "diff \"${PODS_ROOT}/../Podfile.lock\" \"${PODS_ROOT}/Manifest.lock\" > /dev/null\nif [ $? != 0 ] ; then\n    # print error to STDERR\n    echo \"error: The sandbox is not in sync with the Podfile.lock. Run 'pod install' or update your CocoaPods installation.\" >&2\n    exit 1\nfi\n";
			showEnvVarsInLog = 0;
		};
		B1E81F42F530A2CBC92C5614 /* [CP] Embed Pods Frameworks */ = {
			isa = PBXShellScriptBuildPhase;
			buildActionMask = 2147483647;
			files = (
			);
			inputPaths = (
			);
			name = "[CP] Embed Pods Frameworks";
			outputPaths = (
			);
			runOnlyForDeploymentPostprocessing = 0;
			shellPath = /bin/sh;
			shellScript = "\"${SRCROOT}/Pods/Target Support Files/Pods-FitCat2Tests/Pods-FitCat2Tests-frameworks.sh\"\n";
			showEnvVarsInLog = 0;
		};
		E06C6B74F46986B3FE976880 /* [CP] Embed Pods Frameworks */ = {
			isa = PBXShellScriptBuildPhase;
			buildActionMask = 2147483647;
			files = (
			);
			inputPaths = (
			);
			name = "[CP] Embed Pods Frameworks";
			outputPaths = (
			);
			runOnlyForDeploymentPostprocessing = 0;
			shellPath = /bin/sh;
			shellScript = "\"${SRCROOT}/Pods/Target Support Files/Pods-FitCat2UITests/Pods-FitCat2UITests-frameworks.sh\"\n";
			showEnvVarsInLog = 0;
		};
/* End PBXShellScriptBuildPhase section */

/* Begin PBXSourcesBuildPhase section */
		C860BC0B1DE360AE005E00CC /* Sources */ = {
			isa = PBXSourcesBuildPhase;
			buildActionMask = 2147483647;
			files = (
				C860BC131DE360AE005E00CC /* AppDelegate.swift in Sources */,
				5030E2941E0FAF74000EFC28 /* TermsOfServiceViewController.swift in Sources */,
				C8155B881DEE7C8E000535FC /* TodayTableViewController.swift in Sources */,
				C8927BFA1DE62349000711DD /* ViewController.swift in Sources */,
				C8B460DC1DE38E32003DB92E /* DataObjects.swift in Sources */,
				C8A278ED1DF360E50064E11C /* CupboardCollectionViewController.swift in Sources */,
				C82B78AD1DF0638500B1890F /* JBLineChartViewController.swift in Sources */,
				C8D432531DECA10500474E29 /* AmountSelectionViewController.swift in Sources */,
				C8927BE81DE6204E000711DD /* CreateCat.swift in Sources */,
				C8343F781DEB5C5C00AE0DF6 /* TableViewCell.swift in Sources */,
				C8927BF41DE622E8000711DD /* SelectBCSViewController.swift in Sources */,
				C8A278EB1DF3608F0064E11C /* CatCardsViewController.swift in Sources */,
				5030E28B1E0B8358000EFC28 /* WeightPicker.swift in Sources */,
				C8A278E91DF3601B0064E11C /* KDCircularProgress.swift in Sources */,
				C8927BEC1DE6215A000711DD /* LoginViewController.swift in Sources */,
				C8D432481DEC053900474E29 /* NewCatCardsCollectionViewController.swift in Sources */,
				C8927BEE1DE6222B000711DD /* PlanGeneration.swift in Sources */,
				5030E2921E0F81C6000EFC28 /* SignUpViewController.swift in Sources */,
				C8927BF81DE6232B000711DD /* TipsForSuccessViewController.swift in Sources */,
				C8927BE61DE61FF1000711DD /* CatDetailsController.swift in Sources */,
				C8E102041DEFA450007E4027 /* YearJBChartViewController.swift in Sources */,
				5030E28D1E0E0676000EFC28 /* InitialViewController.swift in Sources */,
				C8927BF61DE6230B000711DD /* TestingTableViewController.swift in Sources */,
				C8343F821DEB5DAC00AE0DF6 /* AllFoodUIViewController.swift in Sources */,
				C8DE82441DEA875F0054721B /* FoodMarketTableViewController.swift in Sources */,
				C8927BF01DE6224F000711DD /* PlanOverviewControllerViewController.swift in Sources */,
				C8927BF21DE6228F000711DD /* SecondViewController.swift in Sources */,
				5030E28F1E0E709C000EFC28 /* Extensions.swift in Sources */,
				C8927BEA1DE62099000711DD /* JoinViewController.swift in Sources */,
				C80F66E31DEF24AF0008F4AD /* JBChartViewController.swift in Sources */,
				C8A278E71DF35F5F0064E11C /* MainPageController.swift in Sources */,
				C8927BE41DE61FAF000711DD /* BreedTableViewController.swift in Sources */,
			);
			runOnlyForDeploymentPostprocessing = 0;
		};
		C860BC1F1DE360AE005E00CC /* Sources */ = {
			isa = PBXSourcesBuildPhase;
			buildActionMask = 2147483647;
			files = (
			);
			runOnlyForDeploymentPostprocessing = 0;
		};
		C860BC2A1DE360AE005E00CC /* Sources */ = {
			isa = PBXSourcesBuildPhase;
			buildActionMask = 2147483647;
			files = (
			);
			runOnlyForDeploymentPostprocessing = 0;
		};
/* End PBXSourcesBuildPhase section */

/* Begin PBXTargetDependency section */
		C860BC251DE360AE005E00CC /* PBXTargetDependency */ = {
			isa = PBXTargetDependency;
			target = C860BC0E1DE360AE005E00CC /* FitCat2 */;
			targetProxy = C860BC241DE360AE005E00CC /* PBXContainerItemProxy */;
		};
		C860BC301DE360AE005E00CC /* PBXTargetDependency */ = {
			isa = PBXTargetDependency;
			target = C860BC0E1DE360AE005E00CC /* FitCat2 */;
			targetProxy = C860BC2F1DE360AE005E00CC /* PBXContainerItemProxy */;
		};
/* End PBXTargetDependency section */

/* Begin PBXVariantGroup section */
		C860BC161DE360AE005E00CC /* Main.storyboard */ = {
			isa = PBXVariantGroup;
			children = (
				C860BC171DE360AE005E00CC /* Base */,
			);
			name = Main.storyboard;
			sourceTree = "<group>";
		};
		C860BC1B1DE360AE005E00CC /* LaunchScreen.storyboard */ = {
			isa = PBXVariantGroup;
			children = (
				C860BC1C1DE360AE005E00CC /* Base */,
			);
			name = LaunchScreen.storyboard;
			sourceTree = "<group>";
		};
/* End PBXVariantGroup section */

/* Begin XCBuildConfiguration section */
		C860BC351DE360AE005E00CC /* Debug */ = {
			isa = XCBuildConfiguration;
			buildSettings = {
				ALWAYS_SEARCH_USER_PATHS = NO;
				CLANG_ANALYZER_NONNULL = YES;
				CLANG_CXX_LANGUAGE_STANDARD = "gnu++0x";
				CLANG_CXX_LIBRARY = "libc++";
				CLANG_ENABLE_MODULES = YES;
				CLANG_ENABLE_OBJC_ARC = YES;
				CLANG_WARN_BOOL_CONVERSION = YES;
				CLANG_WARN_CONSTANT_CONVERSION = YES;
				CLANG_WARN_DIRECT_OBJC_ISA_USAGE = YES_ERROR;
				CLANG_WARN_DOCUMENTATION_COMMENTS = YES;
				CLANG_WARN_EMPTY_BODY = YES;
				CLANG_WARN_ENUM_CONVERSION = YES;
				CLANG_WARN_INFINITE_RECURSION = YES;
				CLANG_WARN_INT_CONVERSION = YES;
				CLANG_WARN_OBJC_ROOT_CLASS = YES_ERROR;
				CLANG_WARN_SUSPICIOUS_MOVES = YES;
				CLANG_WARN_UNREACHABLE_CODE = YES;
				CLANG_WARN__DUPLICATE_METHOD_MATCH = YES;
				"CODE_SIGN_IDENTITY[sdk=iphoneos*]" = "iPhone Developer";
				COPY_PHASE_STRIP = NO;
				DEBUG_INFORMATION_FORMAT = dwarf;
				ENABLE_STRICT_OBJC_MSGSEND = YES;
				ENABLE_TESTABILITY = YES;
				GCC_C_LANGUAGE_STANDARD = gnu99;
				GCC_DYNAMIC_NO_PIC = NO;
				GCC_NO_COMMON_BLOCKS = YES;
				GCC_OPTIMIZATION_LEVEL = 0;
				GCC_PREPROCESSOR_DEFINITIONS = (
					"DEBUG=1",
					"$(inherited)",
				);
				GCC_WARN_64_TO_32_BIT_CONVERSION = YES;
				GCC_WARN_ABOUT_RETURN_TYPE = YES_ERROR;
				GCC_WARN_UNDECLARED_SELECTOR = YES;
				GCC_WARN_UNINITIALIZED_AUTOS = YES_AGGRESSIVE;
				GCC_WARN_UNUSED_FUNCTION = YES;
				GCC_WARN_UNUSED_VARIABLE = YES;
				IPHONEOS_DEPLOYMENT_TARGET = 10.1;
				MTL_ENABLE_DEBUG_INFO = YES;
				ONLY_ACTIVE_ARCH = YES;
				SDKROOT = iphoneos;
				SWIFT_ACTIVE_COMPILATION_CONDITIONS = DEBUG;
				SWIFT_OPTIMIZATION_LEVEL = "-Onone";
			};
			name = Debug;
		};
		C860BC361DE360AE005E00CC /* Release */ = {
			isa = XCBuildConfiguration;
			buildSettings = {
				ALWAYS_SEARCH_USER_PATHS = NO;
				CLANG_ANALYZER_NONNULL = YES;
				CLANG_CXX_LANGUAGE_STANDARD = "gnu++0x";
				CLANG_CXX_LIBRARY = "libc++";
				CLANG_ENABLE_MODULES = YES;
				CLANG_ENABLE_OBJC_ARC = YES;
				CLANG_WARN_BOOL_CONVERSION = YES;
				CLANG_WARN_CONSTANT_CONVERSION = YES;
				CLANG_WARN_DIRECT_OBJC_ISA_USAGE = YES_ERROR;
				CLANG_WARN_DOCUMENTATION_COMMENTS = YES;
				CLANG_WARN_EMPTY_BODY = YES;
				CLANG_WARN_ENUM_CONVERSION = YES;
				CLANG_WARN_INFINITE_RECURSION = YES;
				CLANG_WARN_INT_CONVERSION = YES;
				CLANG_WARN_OBJC_ROOT_CLASS = YES_ERROR;
				CLANG_WARN_SUSPICIOUS_MOVES = YES;
				CLANG_WARN_UNREACHABLE_CODE = YES;
				CLANG_WARN__DUPLICATE_METHOD_MATCH = YES;
				"CODE_SIGN_IDENTITY[sdk=iphoneos*]" = "iPhone Developer";
				COPY_PHASE_STRIP = NO;
				DEBUG_INFORMATION_FORMAT = "dwarf-with-dsym";
				ENABLE_NS_ASSERTIONS = NO;
				ENABLE_STRICT_OBJC_MSGSEND = YES;
				GCC_C_LANGUAGE_STANDARD = gnu99;
				GCC_NO_COMMON_BLOCKS = YES;
				GCC_WARN_64_TO_32_BIT_CONVERSION = YES;
				GCC_WARN_ABOUT_RETURN_TYPE = YES_ERROR;
				GCC_WARN_UNDECLARED_SELECTOR = YES;
				GCC_WARN_UNINITIALIZED_AUTOS = YES_AGGRESSIVE;
				GCC_WARN_UNUSED_FUNCTION = YES;
				GCC_WARN_UNUSED_VARIABLE = YES;
				IPHONEOS_DEPLOYMENT_TARGET = 10.1;
				MTL_ENABLE_DEBUG_INFO = NO;
				SDKROOT = iphoneos;
				SWIFT_OPTIMIZATION_LEVEL = "-Owholemodule";
				VALIDATE_PRODUCT = YES;
			};
			name = Release;
		};
		C860BC381DE360AE005E00CC /* Debug */ = {
			isa = XCBuildConfiguration;
			baseConfigurationReference = D3504D3B2294E124901D9BCC /* Pods-FitCat2.debug.xcconfig */;
			buildSettings = {
				ASSETCATALOG_COMPILER_APPICON_NAME = AppIcon;
				DEVELOPMENT_TEAM = 4JJ97T2879;
				INFOPLIST_FILE = FitCat2/Info.plist;
				IPHONEOS_DEPLOYMENT_TARGET = 10.0;
				LD_RUNPATH_SEARCH_PATHS = "$(inherited) @executable_path/Frameworks";
				PRODUCT_BUNDLE_IDENTIFIER = "Cornell-Information-Science.FitCat2";
				PRODUCT_NAME = "$(TARGET_NAME)";
				SWIFT_VERSION = 3.0;
				TARGETED_DEVICE_FAMILY = 1;
			};
			name = Debug;
		};
		C860BC391DE360AE005E00CC /* Release */ = {
			isa = XCBuildConfiguration;
			baseConfigurationReference = 5BE0D10F1C8FDC7CC650A736 /* Pods-FitCat2.release.xcconfig */;
			buildSettings = {
				ASSETCATALOG_COMPILER_APPICON_NAME = AppIcon;
				DEVELOPMENT_TEAM = 4JJ97T2879;
				INFOPLIST_FILE = FitCat2/Info.plist;
				IPHONEOS_DEPLOYMENT_TARGET = 10.0;
				LD_RUNPATH_SEARCH_PATHS = "$(inherited) @executable_path/Frameworks";
				PRODUCT_BUNDLE_IDENTIFIER = "Cornell-Information-Science.FitCat2";
				PRODUCT_NAME = "$(TARGET_NAME)";
				SWIFT_VERSION = 3.0;
				TARGETED_DEVICE_FAMILY = 1;
			};
			name = Release;
		};
		C860BC3B1DE360AE005E00CC /* Debug */ = {
			isa = XCBuildConfiguration;
			baseConfigurationReference = D9868AC8BB66EC9287342934 /* Pods-FitCat2Tests.debug.xcconfig */;
			buildSettings = {
				ALWAYS_EMBED_SWIFT_STANDARD_LIBRARIES = YES;
				BUNDLE_LOADER = "$(TEST_HOST)";
				INFOPLIST_FILE = FitCat2Tests/Info.plist;
				LD_RUNPATH_SEARCH_PATHS = "$(inherited) @executable_path/Frameworks @loader_path/Frameworks";
				PRODUCT_BUNDLE_IDENTIFIER = "Cornell-Information-Science.FitCat2Tests";
				PRODUCT_NAME = "$(TARGET_NAME)";
				SWIFT_VERSION = 3.0;
				TEST_HOST = "$(BUILT_PRODUCTS_DIR)/FitCat2.app/FitCat2";
			};
			name = Debug;
		};
		C860BC3C1DE360AE005E00CC /* Release */ = {
			isa = XCBuildConfiguration;
			baseConfigurationReference = A7DC5F54A5833CBD644BE2D6 /* Pods-FitCat2Tests.release.xcconfig */;
			buildSettings = {
				ALWAYS_EMBED_SWIFT_STANDARD_LIBRARIES = YES;
				BUNDLE_LOADER = "$(TEST_HOST)";
				INFOPLIST_FILE = FitCat2Tests/Info.plist;
				LD_RUNPATH_SEARCH_PATHS = "$(inherited) @executable_path/Frameworks @loader_path/Frameworks";
				PRODUCT_BUNDLE_IDENTIFIER = "Cornell-Information-Science.FitCat2Tests";
				PRODUCT_NAME = "$(TARGET_NAME)";
				SWIFT_VERSION = 3.0;
				TEST_HOST = "$(BUILT_PRODUCTS_DIR)/FitCat2.app/FitCat2";
			};
			name = Release;
		};
		C860BC3E1DE360AE005E00CC /* Debug */ = {
			isa = XCBuildConfiguration;
			baseConfigurationReference = FB5BF5A827F67128467B61AB /* Pods-FitCat2UITests.debug.xcconfig */;
			buildSettings = {
				ALWAYS_EMBED_SWIFT_STANDARD_LIBRARIES = YES;
				INFOPLIST_FILE = FitCat2UITests/Info.plist;
				LD_RUNPATH_SEARCH_PATHS = "$(inherited) @executable_path/Frameworks @loader_path/Frameworks";
				PRODUCT_BUNDLE_IDENTIFIER = "Cornell-Information-Science.FitCat2UITests";
				PRODUCT_NAME = "$(TARGET_NAME)";
				SWIFT_VERSION = 3.0;
				TEST_TARGET_NAME = FitCat2;
			};
			name = Debug;
		};
		C860BC3F1DE360AE005E00CC /* Release */ = {
			isa = XCBuildConfiguration;
			baseConfigurationReference = 86E9A460290C9786C3197B6D /* Pods-FitCat2UITests.release.xcconfig */;
			buildSettings = {
				ALWAYS_EMBED_SWIFT_STANDARD_LIBRARIES = YES;
				INFOPLIST_FILE = FitCat2UITests/Info.plist;
				LD_RUNPATH_SEARCH_PATHS = "$(inherited) @executable_path/Frameworks @loader_path/Frameworks";
				PRODUCT_BUNDLE_IDENTIFIER = "Cornell-Information-Science.FitCat2UITests";
				PRODUCT_NAME = "$(TARGET_NAME)";
				SWIFT_VERSION = 3.0;
				TEST_TARGET_NAME = FitCat2;
			};
			name = Release;
		};
/* End XCBuildConfiguration section */

/* Begin XCConfigurationList section */
		C860BC0A1DE360AE005E00CC /* Build configuration list for PBXProject "FitCat2" */ = {
			isa = XCConfigurationList;
			buildConfigurations = (
				C860BC351DE360AE005E00CC /* Debug */,
				C860BC361DE360AE005E00CC /* Release */,
			);
			defaultConfigurationIsVisible = 0;
			defaultConfigurationName = Release;
		};
		C860BC371DE360AE005E00CC /* Build configuration list for PBXNativeTarget "FitCat2" */ = {
			isa = XCConfigurationList;
			buildConfigurations = (
				C860BC381DE360AE005E00CC /* Debug */,
				C860BC391DE360AE005E00CC /* Release */,
			);
			defaultConfigurationIsVisible = 0;
			defaultConfigurationName = Release;
		};
		C860BC3A1DE360AE005E00CC /* Build configuration list for PBXNativeTarget "FitCat2Tests" */ = {
			isa = XCConfigurationList;
			buildConfigurations = (
				C860BC3B1DE360AE005E00CC /* Debug */,
				C860BC3C1DE360AE005E00CC /* Release */,
			);
			defaultConfigurationIsVisible = 0;
			defaultConfigurationName = Release;
		};
		C860BC3D1DE360AE005E00CC /* Build configuration list for PBXNativeTarget "FitCat2UITests" */ = {
			isa = XCConfigurationList;
			buildConfigurations = (
				C860BC3E1DE360AE005E00CC /* Debug */,
				C860BC3F1DE360AE005E00CC /* Release */,
			);
			defaultConfigurationIsVisible = 0;
			defaultConfigurationName = Release;
		};
/* End XCConfigurationList section */
	};
	rootObject = C860BC071DE360AE005E00CC /* Project object */;
}
