// !$*UTF8*$!
{
	archiveVersion = 1;
	classes = {
	};
	objectVersion = 46;
	objects = {

/* Begin PBXBuildFile section */
		090C9CE81DB9BD2000D51726 /* AppDelegate.swift in Sources */ = {isa = PBXBuildFile; fileRef = 090C9CE71DB9BD2000D51726 /* AppDelegate.swift */; };
		090C9CEA1DB9BD2000D51726 /* catDetailsController.swift in Sources */ = {isa = PBXBuildFile; fileRef = 090C9CE91DB9BD2000D51726 /* catDetailsController.swift */; };
		090C9CED1DB9BD2000D51726 /* Main.storyboard in Resources */ = {isa = PBXBuildFile; fileRef = 090C9CEB1DB9BD2000D51726 /* Main.storyboard */; };
		090C9CEF1DB9BD2000D51726 /* Assets.xcassets in Resources */ = {isa = PBXBuildFile; fileRef = 090C9CEE1DB9BD2000D51726 /* Assets.xcassets */; };
		090C9CF21DB9BD2000D51726 /* LaunchScreen.storyboard in Resources */ = {isa = PBXBuildFile; fileRef = 090C9CF01DB9BD2000D51726 /* LaunchScreen.storyboard */; };
		090C9CFD1DB9BD2100D51726 /* FitCat_CatProfileCreateTests.swift in Sources */ = {isa = PBXBuildFile; fileRef = 090C9CFC1DB9BD2100D51726 /* FitCat_CatProfileCreateTests.swift */; };
		090C9D081DB9BD2100D51726 /* FitCat_CatProfileCreateUITests.swift in Sources */ = {isa = PBXBuildFile; fileRef = 090C9D071DB9BD2100D51726 /* FitCat_CatProfileCreateUITests.swift */; };
		093E735D1DCB880100F52403 /* measurementsViewController.swift in Sources */ = {isa = PBXBuildFile; fileRef = 093E735C1DCB880100F52403 /* measurementsViewController.swift */; };
		093E735F1DCBADB000F52403 /* breedTableTableViewController.swift in Sources */ = {isa = PBXBuildFile; fileRef = 093E735E1DCBADB000F52403 /* breedTableTableViewController.swift */; };
		09529DB91DD007F30053F557 /* planOverviewControllerViewController.swift in Sources */ = {isa = PBXBuildFile; fileRef = 09529DB81DD007F20053F557 /* planOverviewControllerViewController.swift */; };
		09BA8EDC1DCA9E220072520C /* selectBcsController.swift in Sources */ = {isa = PBXBuildFile; fileRef = 09BA8EDB1DCA9E220072520C /* selectBcsController.swift */; };
		09BA8EDF1DCACB7E0072520C /* tipsForSuccessControllerViewController.swift in Sources */ = {isa = PBXBuildFile; fileRef = 09BA8EDE1DCACB7E0072520C /* tipsForSuccessControllerViewController.swift */; };
/* End PBXBuildFile section */

/* Begin PBXContainerItemProxy section */
		090C9CF91DB9BD2100D51726 /* PBXContainerItemProxy */ = {
			isa = PBXContainerItemProxy;
			containerPortal = 090C9CDC1DB9BD2000D51726 /* Project object */;
			proxyType = 1;
			remoteGlobalIDString = 090C9CE31DB9BD2000D51726;
			remoteInfo = "FitCat-CatProfileCreate";
		};
		090C9D041DB9BD2100D51726 /* PBXContainerItemProxy */ = {
			isa = PBXContainerItemProxy;
			containerPortal = 090C9CDC1DB9BD2000D51726 /* Project object */;
			proxyType = 1;
			remoteGlobalIDString = 090C9CE31DB9BD2000D51726;
			remoteInfo = "FitCat-CatProfileCreate";
		};
/* End PBXContainerItemProxy section */

/* Begin PBXFileReference section */
		090C9CE41DB9BD2000D51726 /* FitCat-CatProfileCreate.app */ = {isa = PBXFileReference; explicitFileType = wrapper.application; includeInIndex = 0; path = "FitCat-CatProfileCreate.app"; sourceTree = BUILT_PRODUCTS_DIR; };
		090C9CE71DB9BD2000D51726 /* AppDelegate.swift */ = {isa = PBXFileReference; lastKnownFileType = sourcecode.swift; path = AppDelegate.swift; sourceTree = "<group>"; };
		090C9CE91DB9BD2000D51726 /* catDetailsController.swift */ = {isa = PBXFileReference; lastKnownFileType = sourcecode.swift; path = catDetailsController.swift; sourceTree = "<group>"; };
		090C9CEC1DB9BD2000D51726 /* Base */ = {isa = PBXFileReference; lastKnownFileType = file.storyboard; name = Base; path = Base.lproj/Main.storyboard; sourceTree = "<group>"; };
		090C9CEE1DB9BD2000D51726 /* Assets.xcassets */ = {isa = PBXFileReference; lastKnownFileType = folder.assetcatalog; path = Assets.xcassets; sourceTree = "<group>"; };
		090C9CF11DB9BD2000D51726 /* Base */ = {isa = PBXFileReference; lastKnownFileType = file.storyboard; name = Base; path = Base.lproj/LaunchScreen.storyboard; sourceTree = "<group>"; };
		090C9CF31DB9BD2000D51726 /* Info.plist */ = {isa = PBXFileReference; lastKnownFileType = text.plist.xml; path = Info.plist; sourceTree = "<group>"; };
		090C9CF81DB9BD2100D51726 /* FitCat-CatProfileCreateTests.xctest */ = {isa = PBXFileReference; explicitFileType = wrapper.cfbundle; includeInIndex = 0; path = "FitCat-CatProfileCreateTests.xctest"; sourceTree = BUILT_PRODUCTS_DIR; };
		090C9CFC1DB9BD2100D51726 /* FitCat_CatProfileCreateTests.swift */ = {isa = PBXFileReference; lastKnownFileType = sourcecode.swift; path = FitCat_CatProfileCreateTests.swift; sourceTree = "<group>"; };
		090C9CFE1DB9BD2100D51726 /* Info.plist */ = {isa = PBXFileReference; lastKnownFileType = text.plist.xml; path = Info.plist; sourceTree = "<group>"; };
		090C9D031DB9BD2100D51726 /* FitCat-CatProfileCreateUITests.xctest */ = {isa = PBXFileReference; explicitFileType = wrapper.cfbundle; includeInIndex = 0; path = "FitCat-CatProfileCreateUITests.xctest"; sourceTree = BUILT_PRODUCTS_DIR; };
		090C9D071DB9BD2100D51726 /* FitCat_CatProfileCreateUITests.swift */ = {isa = PBXFileReference; lastKnownFileType = sourcecode.swift; path = FitCat_CatProfileCreateUITests.swift; sourceTree = "<group>"; };
		090C9D091DB9BD2100D51726 /* Info.plist */ = {isa = PBXFileReference; lastKnownFileType = text.plist.xml; path = Info.plist; sourceTree = "<group>"; };
		093E735C1DCB880100F52403 /* measurementsViewController.swift */ = {isa = PBXFileReference; fileEncoding = 4; lastKnownFileType = sourcecode.swift; path = measurementsViewController.swift; sourceTree = "<group>"; };
		093E735E1DCBADB000F52403 /* breedTableTableViewController.swift */ = {isa = PBXFileReference; fileEncoding = 4; lastKnownFileType = sourcecode.swift; path = breedTableTableViewController.swift; sourceTree = "<group>"; };
		09529DB81DD007F20053F557 /* planOverviewControllerViewController.swift */ = {isa = PBXFileReference; fileEncoding = 4; lastKnownFileType = sourcecode.swift; path = planOverviewControllerViewController.swift; sourceTree = "<group>"; };
		09BA8EDB1DCA9E220072520C /* selectBcsController.swift */ = {isa = PBXFileReference; fileEncoding = 4; lastKnownFileType = sourcecode.swift; path = selectBcsController.swift; sourceTree = "<group>"; };
		09BA8EDE1DCACB7E0072520C /* tipsForSuccessControllerViewController.swift */ = {isa = PBXFileReference; fileEncoding = 4; lastKnownFileType = sourcecode.swift; path = tipsForSuccessControllerViewController.swift; sourceTree = "<group>"; };
/* End PBXFileReference section */

/* Begin PBXFrameworksBuildPhase section */
		090C9CE11DB9BD2000D51726 /* Frameworks */ = {
			isa = PBXFrameworksBuildPhase;
			buildActionMask = 2147483647;
			files = (
			);
			runOnlyForDeploymentPostprocessing = 0;
		};
		090C9CF51DB9BD2100D51726 /* Frameworks */ = {
			isa = PBXFrameworksBuildPhase;
			buildActionMask = 2147483647;
			files = (
			);
			runOnlyForDeploymentPostprocessing = 0;
		};
		090C9D001DB9BD2100D51726 /* Frameworks */ = {
			isa = PBXFrameworksBuildPhase;
			buildActionMask = 2147483647;
			files = (
			);
			runOnlyForDeploymentPostprocessing = 0;
		};
/* End PBXFrameworksBuildPhase section */

/* Begin PBXGroup section */
		090C9CDB1DB9BD2000D51726 = {
			isa = PBXGroup;
			children = (
				090C9CE61DB9BD2000D51726 /* FitCat-CatProfileCreate */,
				090C9CFB1DB9BD2100D51726 /* FitCat-CatProfileCreateTests */,
				090C9D061DB9BD2100D51726 /* FitCat-CatProfileCreateUITests */,
				090C9CE51DB9BD2000D51726 /* Products */,
			);
			sourceTree = "<group>";
		};
		090C9CE51DB9BD2000D51726 /* Products */ = {
			isa = PBXGroup;
			children = (
				090C9CE41DB9BD2000D51726 /* FitCat-CatProfileCreate.app */,
				090C9CF81DB9BD2100D51726 /* FitCat-CatProfileCreateTests.xctest */,
				090C9D031DB9BD2100D51726 /* FitCat-CatProfileCreateUITests.xctest */,
			);
			name = Products;
			sourceTree = "<group>";
		};
		090C9CE61DB9BD2000D51726 /* FitCat-CatProfileCreate */ = {
			isa = PBXGroup;
			children = (
				090C9CE71DB9BD2000D51726 /* AppDelegate.swift */,
				090C9CE91DB9BD2000D51726 /* catDetailsController.swift */,
				093E735E1DCBADB000F52403 /* breedTableTableViewController.swift */,
				09BA8EDB1DCA9E220072520C /* selectBcsController.swift */,
				09BA8EDE1DCACB7E0072520C /* tipsForSuccessControllerViewController.swift */,
				093E735C1DCB880100F52403 /* measurementsViewController.swift */,
				09529DB81DD007F20053F557 /* planOverviewControllerViewController.swift */,
				090C9CEB1DB9BD2000D51726 /* Main.storyboard */,
				090C9CEE1DB9BD2000D51726 /* Assets.xcassets */,
				090C9CF01DB9BD2000D51726 /* LaunchScreen.storyboard */,
				090C9CF31DB9BD2000D51726 /* Info.plist */,
			);
			path = "FitCat-CatProfileCreate";
			sourceTree = "<group>";
		};
		090C9CFB1DB9BD2100D51726 /* FitCat-CatProfileCreateTests */ = {
			isa = PBXGroup;
			children = (
				090C9CFC1DB9BD2100D51726 /* FitCat_CatProfileCreateTests.swift */,
				090C9CFE1DB9BD2100D51726 /* Info.plist */,
			);
			path = "FitCat-CatProfileCreateTests";
			sourceTree = "<group>";
		};
		090C9D061DB9BD2100D51726 /* FitCat-CatProfileCreateUITests */ = {
			isa = PBXGroup;
			children = (
				090C9D071DB9BD2100D51726 /* FitCat_CatProfileCreateUITests.swift */,
				090C9D091DB9BD2100D51726 /* Info.plist */,
			);
			path = "FitCat-CatProfileCreateUITests";
			sourceTree = "<group>";
		};
/* End PBXGroup section */

/* Begin PBXNativeTarget section */
		090C9CE31DB9BD2000D51726 /* FitCat-CatProfileCreate */ = {
			isa = PBXNativeTarget;
			buildConfigurationList = 090C9D0C1DB9BD2100D51726 /* Build configuration list for PBXNativeTarget "FitCat-CatProfileCreate" */;
			buildPhases = (
				090C9CE01DB9BD2000D51726 /* Sources */,
				090C9CE11DB9BD2000D51726 /* Frameworks */,
				090C9CE21DB9BD2000D51726 /* Resources */,
			);
			buildRules = (
			);
			dependencies = (
			);
			name = "FitCat-CatProfileCreate";
			productName = "FitCat-CatProfileCreate";
			productReference = 090C9CE41DB9BD2000D51726 /* FitCat-CatProfileCreate.app */;
			productType = "com.apple.product-type.application";
		};
		090C9CF71DB9BD2100D51726 /* FitCat-CatProfileCreateTests */ = {
			isa = PBXNativeTarget;
			buildConfigurationList = 090C9D0F1DB9BD2100D51726 /* Build configuration list for PBXNativeTarget "FitCat-CatProfileCreateTests" */;
			buildPhases = (
				090C9CF41DB9BD2100D51726 /* Sources */,
				090C9CF51DB9BD2100D51726 /* Frameworks */,
				090C9CF61DB9BD2100D51726 /* Resources */,
			);
			buildRules = (
			);
			dependencies = (
				090C9CFA1DB9BD2100D51726 /* PBXTargetDependency */,
			);
			name = "FitCat-CatProfileCreateTests";
			productName = "FitCat-CatProfileCreateTests";
			productReference = 090C9CF81DB9BD2100D51726 /* FitCat-CatProfileCreateTests.xctest */;
			productType = "com.apple.product-type.bundle.unit-test";
		};
		090C9D021DB9BD2100D51726 /* FitCat-CatProfileCreateUITests */ = {
			isa = PBXNativeTarget;
			buildConfigurationList = 090C9D121DB9BD2100D51726 /* Build configuration list for PBXNativeTarget "FitCat-CatProfileCreateUITests" */;
			buildPhases = (
				090C9CFF1DB9BD2100D51726 /* Sources */,
				090C9D001DB9BD2100D51726 /* Frameworks */,
				090C9D011DB9BD2100D51726 /* Resources */,
			);
			buildRules = (
			);
			dependencies = (
				090C9D051DB9BD2100D51726 /* PBXTargetDependency */,
			);
			name = "FitCat-CatProfileCreateUITests";
			productName = "FitCat-CatProfileCreateUITests";
			productReference = 090C9D031DB9BD2100D51726 /* FitCat-CatProfileCreateUITests.xctest */;
			productType = "com.apple.product-type.bundle.ui-testing";
		};
/* End PBXNativeTarget section */

/* Begin PBXProject section */
		090C9CDC1DB9BD2000D51726 /* Project object */ = {
			isa = PBXProject;
			attributes = {
				LastSwiftUpdateCheck = 0810;
				LastUpgradeCheck = 0810;
				ORGANIZATIONNAME = KYKY;
				TargetAttributes = {
					090C9CE31DB9BD2000D51726 = {
						CreatedOnToolsVersion = 8.1;
						ProvisioningStyle = Automatic;
					};
					090C9CF71DB9BD2100D51726 = {
						CreatedOnToolsVersion = 8.1;
						ProvisioningStyle = Automatic;
						TestTargetID = 090C9CE31DB9BD2000D51726;
					};
					090C9D021DB9BD2100D51726 = {
						CreatedOnToolsVersion = 8.1;
						ProvisioningStyle = Automatic;
						TestTargetID = 090C9CE31DB9BD2000D51726;
					};
				};
			};
			buildConfigurationList = 090C9CDF1DB9BD2000D51726 /* Build configuration list for PBXProject "FitCat-CatProfileCreate" */;
			compatibilityVersion = "Xcode 3.2";
			developmentRegion = English;
			hasScannedForEncodings = 0;
			knownRegions = (
				en,
				Base,
			);
			mainGroup = 090C9CDB1DB9BD2000D51726;
			productRefGroup = 090C9CE51DB9BD2000D51726 /* Products */;
			projectDirPath = "";
			projectRoot = "";
			targets = (
				090C9CE31DB9BD2000D51726 /* FitCat-CatProfileCreate */,
				090C9CF71DB9BD2100D51726 /* FitCat-CatProfileCreateTests */,
				090C9D021DB9BD2100D51726 /* FitCat-CatProfileCreateUITests */,
			);
		};
/* End PBXProject section */

/* Begin PBXResourcesBuildPhase section */
		090C9CE21DB9BD2000D51726 /* Resources */ = {
			isa = PBXResourcesBuildPhase;
			buildActionMask = 2147483647;
			files = (
				090C9CF21DB9BD2000D51726 /* LaunchScreen.storyboard in Resources */,
				090C9CEF1DB9BD2000D51726 /* Assets.xcassets in Resources */,
				090C9CED1DB9BD2000D51726 /* Main.storyboard in Resources */,
			);
			runOnlyForDeploymentPostprocessing = 0;
		};
		090C9CF61DB9BD2100D51726 /* Resources */ = {
			isa = PBXResourcesBuildPhase;
			buildActionMask = 2147483647;
			files = (
			);
			runOnlyForDeploymentPostprocessing = 0;
		};
		090C9D011DB9BD2100D51726 /* Resources */ = {
			isa = PBXResourcesBuildPhase;
			buildActionMask = 2147483647;
			files = (
			);
			runOnlyForDeploymentPostprocessing = 0;
		};
/* End PBXResourcesBuildPhase section */

/* Begin PBXSourcesBuildPhase section */
		090C9CE01DB9BD2000D51726 /* Sources */ = {
			isa = PBXSourcesBuildPhase;
			buildActionMask = 2147483647;
			files = (
				090C9CEA1DB9BD2000D51726 /* catDetailsController.swift in Sources */,
				09BA8EDC1DCA9E220072520C /* selectBcsController.swift in Sources */,
				093E735D1DCB880100F52403 /* measurementsViewController.swift in Sources */,
				09BA8EDF1DCACB7E0072520C /* tipsForSuccessControllerViewController.swift in Sources */,
				09529DB91DD007F30053F557 /* planOverviewControllerViewController.swift in Sources */,
				090C9CE81DB9BD2000D51726 /* AppDelegate.swift in Sources */,
				093E735F1DCBADB000F52403 /* breedTableTableViewController.swift in Sources */,
			);
			runOnlyForDeploymentPostprocessing = 0;
		};
		090C9CF41DB9BD2100D51726 /* Sources */ = {
			isa = PBXSourcesBuildPhase;
			buildActionMask = 2147483647;
			files = (
				090C9CFD1DB9BD2100D51726 /* FitCat_CatProfileCreateTests.swift in Sources */,
			);
			runOnlyForDeploymentPostprocessing = 0;
		};
		090C9CFF1DB9BD2100D51726 /* Sources */ = {
			isa = PBXSourcesBuildPhase;
			buildActionMask = 2147483647;
			files = (
				090C9D081DB9BD2100D51726 /* FitCat_CatProfileCreateUITests.swift in Sources */,
			);
			runOnlyForDeploymentPostprocessing = 0;
		};
/* End PBXSourcesBuildPhase section */

/* Begin PBXTargetDependency section */
		090C9CFA1DB9BD2100D51726 /* PBXTargetDependency */ = {
			isa = PBXTargetDependency;
			target = 090C9CE31DB9BD2000D51726 /* FitCat-CatProfileCreate */;
			targetProxy = 090C9CF91DB9BD2100D51726 /* PBXContainerItemProxy */;
		};
		090C9D051DB9BD2100D51726 /* PBXTargetDependency */ = {
			isa = PBXTargetDependency;
			target = 090C9CE31DB9BD2000D51726 /* FitCat-CatProfileCreate */;
			targetProxy = 090C9D041DB9BD2100D51726 /* PBXContainerItemProxy */;
		};
/* End PBXTargetDependency section */

/* Begin PBXVariantGroup section */
		090C9CEB1DB9BD2000D51726 /* Main.storyboard */ = {
			isa = PBXVariantGroup;
			children = (
				090C9CEC1DB9BD2000D51726 /* Base */,
			);
			name = Main.storyboard;
			sourceTree = "<group>";
		};
		090C9CF01DB9BD2000D51726 /* LaunchScreen.storyboard */ = {
			isa = PBXVariantGroup;
			children = (
				090C9CF11DB9BD2000D51726 /* Base */,
			);
			name = LaunchScreen.storyboard;
			sourceTree = "<group>";
		};
/* End PBXVariantGroup section */

/* Begin XCBuildConfiguration section */
		090C9D0A1DB9BD2100D51726 /* Debug */ = {
			isa = XCBuildConfiguration;
			buildSettings = {
				ALWAYS_SEARCH_USER_PATHS = NO;
				CLANG_ANALYZER_NONNULL = YES;
				CLANG_CXX_LANGUAGE_STANDARD = "gnu++0x";
				CLANG_CXX_LIBRARY = "libc++";
				CLANG_ENABLE_MODULES = YES;
				CLANG_ENABLE_OBJC_ARC = YES;
				CLANG_WARN_BOOL_CONVERSION = YES;
				CLANG_WARN_CONSTANT_CONVERSION = YES;
				CLANG_WARN_DIRECT_OBJC_ISA_USAGE = YES_ERROR;
				CLANG_WARN_DOCUMENTATION_COMMENTS = YES;
				CLANG_WARN_EMPTY_BODY = YES;
				CLANG_WARN_ENUM_CONVERSION = YES;
				CLANG_WARN_INFINITE_RECURSION = YES;
				CLANG_WARN_INT_CONVERSION = YES;
				CLANG_WARN_OBJC_ROOT_CLASS = YES_ERROR;
				CLANG_WARN_SUSPICIOUS_MOVES = YES;
				CLANG_WARN_UNREACHABLE_CODE = YES;
				CLANG_WARN__DUPLICATE_METHOD_MATCH = YES;
				"CODE_SIGN_IDENTITY[sdk=iphoneos*]" = "iPhone Developer";
				COPY_PHASE_STRIP = NO;
				DEBUG_INFORMATION_FORMAT = dwarf;
				ENABLE_STRICT_OBJC_MSGSEND = YES;
				ENABLE_TESTABILITY = YES;
				GCC_C_LANGUAGE_STANDARD = gnu99;
				GCC_DYNAMIC_NO_PIC = NO;
				GCC_NO_COMMON_BLOCKS = YES;
				GCC_OPTIMIZATION_LEVEL = 0;
				GCC_PREPROCESSOR_DEFINITIONS = (
					"DEBUG=1",
					"$(inherited)",
				);
				GCC_WARN_64_TO_32_BIT_CONVERSION = YES;
				GCC_WARN_ABOUT_RETURN_TYPE = YES_ERROR;
				GCC_WARN_UNDECLARED_SELECTOR = YES;
				GCC_WARN_UNINITIALIZED_AUTOS = YES_AGGRESSIVE;
				GCC_WARN_UNUSED_FUNCTION = YES;
				GCC_WARN_UNUSED_VARIABLE = YES;
				IPHONEOS_DEPLOYMENT_TARGET = 10.1;
				MTL_ENABLE_DEBUG_INFO = YES;
				ONLY_ACTIVE_ARCH = YES;
				SDKROOT = iphoneos;
				SWIFT_ACTIVE_COMPILATION_CONDITIONS = DEBUG;
				SWIFT_OPTIMIZATION_LEVEL = "-Onone";
			};
			name = Debug;
		};
		090C9D0B1DB9BD2100D51726 /* Release */ = {
			isa = XCBuildConfiguration;
			buildSettings = {
				ALWAYS_SEARCH_USER_PATHS = NO;
				CLANG_ANALYZER_NONNULL = YES;
				CLANG_CXX_LANGUAGE_STANDARD = "gnu++0x";
				CLANG_CXX_LIBRARY = "libc++";
				CLANG_ENABLE_MODULES = YES;
				CLANG_ENABLE_OBJC_ARC = YES;
				CLANG_WARN_BOOL_CONVERSION = YES;
				CLANG_WARN_CONSTANT_CONVERSION = YES;
				CLANG_WARN_DIRECT_OBJC_ISA_USAGE = YES_ERROR;
				CLANG_WARN_DOCUMENTATION_COMMENTS = YES;
				CLANG_WARN_EMPTY_BODY = YES;
				CLANG_WARN_ENUM_CONVERSION = YES;
				CLANG_WARN_INFINITE_RECURSION = YES;
				CLANG_WARN_INT_CONVERSION = YES;
				CLANG_WARN_OBJC_ROOT_CLASS = YES_ERROR;
				CLANG_WARN_SUSPICIOUS_MOVES = YES;
				CLANG_WARN_UNREACHABLE_CODE = YES;
				CLANG_WARN__DUPLICATE_METHOD_MATCH = YES;
				"CODE_SIGN_IDENTITY[sdk=iphoneos*]" = "iPhone Developer";
				COPY_PHASE_STRIP = NO;
				DEBUG_INFORMATION_FORMAT = "dwarf-with-dsym";
				ENABLE_NS_ASSERTIONS = NO;
				ENABLE_STRICT_OBJC_MSGSEND = YES;
				GCC_C_LANGUAGE_STANDARD = gnu99;
				GCC_NO_COMMON_BLOCKS = YES;
				GCC_WARN_64_TO_32_BIT_CONVERSION = YES;
				GCC_WARN_ABOUT_RETURN_TYPE = YES_ERROR;
				GCC_WARN_UNDECLARED_SELECTOR = YES;
				GCC_WARN_UNINITIALIZED_AUTOS = YES_AGGRESSIVE;
				GCC_WARN_UNUSED_FUNCTION = YES;
				GCC_WARN_UNUSED_VARIABLE = YES;
				IPHONEOS_DEPLOYMENT_TARGET = 10.1;
				MTL_ENABLE_DEBUG_INFO = NO;
				SDKROOT = iphoneos;
				SWIFT_OPTIMIZATION_LEVEL = "-Owholemodule";
				VALIDATE_PRODUCT = YES;
			};
			name = Release;
		};
		090C9D0D1DB9BD2100D51726 /* Debug */ = {
			isa = XCBuildConfiguration;
			buildSettings = {
				ASSETCATALOG_COMPILER_APPICON_NAME = AppIcon;
				INFOPLIST_FILE = "FitCat-CatProfileCreate/Info.plist";
				IPHONEOS_DEPLOYMENT_TARGET = 10.0;
				LD_RUNPATH_SEARCH_PATHS = "$(inherited) @executable_path/Frameworks";
				PRODUCT_BUNDLE_IDENTIFIER = "myselfKY.FitCat-CatProfileCreate";
				PRODUCT_NAME = "$(TARGET_NAME)";
				SWIFT_VERSION = 3.0;
			};
			name = Debug;
		};
		090C9D0E1DB9BD2100D51726 /* Release */ = {
			isa = XCBuildConfiguration;
			buildSettings = {
				ASSETCATALOG_COMPILER_APPICON_NAME = AppIcon;
				INFOPLIST_FILE = "FitCat-CatProfileCreate/Info.plist";
				IPHONEOS_DEPLOYMENT_TARGET = 10.0;
				LD_RUNPATH_SEARCH_PATHS = "$(inherited) @executable_path/Frameworks";
				PRODUCT_BUNDLE_IDENTIFIER = "myselfKY.FitCat-CatProfileCreate";
				PRODUCT_NAME = "$(TARGET_NAME)";
				SWIFT_VERSION = 3.0;
			};
			name = Release;
		};
		090C9D101DB9BD2100D51726 /* Debug */ = {
			isa = XCBuildConfiguration;
			buildSettings = {
				ALWAYS_EMBED_SWIFT_STANDARD_LIBRARIES = YES;
				BUNDLE_LOADER = "$(TEST_HOST)";
				INFOPLIST_FILE = "FitCat-CatProfileCreateTests/Info.plist";
				LD_RUNPATH_SEARCH_PATHS = "$(inherited) @executable_path/Frameworks @loader_path/Frameworks";
				PRODUCT_BUNDLE_IDENTIFIER = "myselfKY.FitCat-CatProfileCreateTests";
				PRODUCT_NAME = "$(TARGET_NAME)";
				SWIFT_VERSION = 3.0;
				TEST_HOST = "$(BUILT_PRODUCTS_DIR)/FitCat-CatProfileCreate.app/FitCat-CatProfileCreate";
			};
			name = Debug;
		};
		090C9D111DB9BD2100D51726 /* Release */ = {
			isa = XCBuildConfiguration;
			buildSettings = {
				ALWAYS_EMBED_SWIFT_STANDARD_LIBRARIES = YES;
				BUNDLE_LOADER = "$(TEST_HOST)";
				INFOPLIST_FILE = "FitCat-CatProfileCreateTests/Info.plist";
				LD_RUNPATH_SEARCH_PATHS = "$(inherited) @executable_path/Frameworks @loader_path/Frameworks";
				PRODUCT_BUNDLE_IDENTIFIER = "myselfKY.FitCat-CatProfileCreateTests";
				PRODUCT_NAME = "$(TARGET_NAME)";
				SWIFT_VERSION = 3.0;
				TEST_HOST = "$(BUILT_PRODUCTS_DIR)/FitCat-CatProfileCreate.app/FitCat-CatProfileCreate";
			};
			name = Release;
		};
		090C9D131DB9BD2100D51726 /* Debug */ = {
			isa = XCBuildConfiguration;
			buildSettings = {
				ALWAYS_EMBED_SWIFT_STANDARD_LIBRARIES = YES;
				INFOPLIST_FILE = "FitCat-CatProfileCreateUITests/Info.plist";
				LD_RUNPATH_SEARCH_PATHS = "$(inherited) @executable_path/Frameworks @loader_path/Frameworks";
				PRODUCT_BUNDLE_IDENTIFIER = "myselfKY.FitCat-CatProfileCreateUITests";
				PRODUCT_NAME = "$(TARGET_NAME)";
				SWIFT_VERSION = 3.0;
				TEST_TARGET_NAME = "FitCat-CatProfileCreate";
			};
			name = Debug;
		};
		090C9D141DB9BD2100D51726 /* Release */ = {
			isa = XCBuildConfiguration;
			buildSettings = {
				ALWAYS_EMBED_SWIFT_STANDARD_LIBRARIES = YES;
				INFOPLIST_FILE = "FitCat-CatProfileCreateUITests/Info.plist";
				LD_RUNPATH_SEARCH_PATHS = "$(inherited) @executable_path/Frameworks @loader_path/Frameworks";
				PRODUCT_BUNDLE_IDENTIFIER = "myselfKY.FitCat-CatProfileCreateUITests";
				PRODUCT_NAME = "$(TARGET_NAME)";
				SWIFT_VERSION = 3.0;
				TEST_TARGET_NAME = "FitCat-CatProfileCreate";
			};
			name = Release;
		};
/* End XCBuildConfiguration section */

/* Begin XCConfigurationList section */
		090C9CDF1DB9BD2000D51726 /* Build configuration list for PBXProject "FitCat-CatProfileCreate" */ = {
			isa = XCConfigurationList;
			buildConfigurations = (
				090C9D0A1DB9BD2100D51726 /* Debug */,
				090C9D0B1DB9BD2100D51726 /* Release */,
			);
			defaultConfigurationIsVisible = 0;
			defaultConfigurationName = Release;
		};
		090C9D0C1DB9BD2100D51726 /* Build configuration list for PBXNativeTarget "FitCat-CatProfileCreate" */ = {
			isa = XCConfigurationList;
			buildConfigurations = (
				090C9D0D1DB9BD2100D51726 /* Debug */,
				090C9D0E1DB9BD2100D51726 /* Release */,
			);
			defaultConfigurationIsVisible = 0;
			defaultConfigurationName = Release;
		};
		090C9D0F1DB9BD2100D51726 /* Build configuration list for PBXNativeTarget "FitCat-CatProfileCreateTests" */ = {
			isa = XCConfigurationList;
			buildConfigurations = (
				090C9D101DB9BD2100D51726 /* Debug */,
				090C9D111DB9BD2100D51726 /* Release */,
			);
			defaultConfigurationIsVisible = 0;
			defaultConfigurationName = Release;
		};
		090C9D121DB9BD2100D51726 /* Build configuration list for PBXNativeTarget "FitCat-CatProfileCreateUITests" */ = {
			isa = XCConfigurationList;
			buildConfigurations = (
				090C9D131DB9BD2100D51726 /* Debug */,
				090C9D141DB9BD2100D51726 /* Release */,
			);
			defaultConfigurationIsVisible = 0;
			defaultConfigurationName = Release;
		};
/* End XCConfigurationList section */
	};
	rootObject = 090C9CDC1DB9BD2000D51726 /* Project object */;
}
