// !$*UTF8*$!
{
	archiveVersion = 1;
	classes = {
	};
	objectVersion = 46;
	objects = {

/* Begin PBXBuildFile section */
		5487C0811DB8892000CA2D4D /* Bolts.framework in Frameworks */ = {isa = PBXBuildFile; fileRef = 5487C0801DB8892000CA2D4D /* Bolts.framework */; };
		5487C0831DB8893100CA2D4D /* FBSDKLoginKit.framework in Frameworks */ = {isa = PBXBuildFile; fileRef = 5487C0821DB8893100CA2D4D /* FBSDKLoginKit.framework */; };
		5487C0851DB8893F00CA2D4D /* FBSDKShareKit.framework in Frameworks */ = {isa = PBXBuildFile; fileRef = 5487C0841DB8893F00CA2D4D /* FBSDKShareKit.framework */; };
		548865261DB9813200BBC714 /* FBSDKCoreKit.framework in Frameworks */ = {isa = PBXBuildFile; fileRef = 548865251DB9813200BBC714 /* FBSDKCoreKit.framework */; };
		54A5BCC71DB87716006F3433 /* AppDelegate.swift in Sources */ = {isa = PBXBuildFile; fileRef = 54A5BCC61DB87716006F3433 /* AppDelegate.swift */; };
		54A5BCC91DB87716006F3433 /* ViewController.swift in Sources */ = {isa = PBXBuildFile; fileRef = 54A5BCC81DB87716006F3433 /* ViewController.swift */; };
		54A5BCCC1DB87716006F3433 /* Main.storyboard in Resources */ = {isa = PBXBuildFile; fileRef = 54A5BCCA1DB87716006F3433 /* Main.storyboard */; };
		54A5BCCE1DB87716006F3433 /* Assets.xcassets in Resources */ = {isa = PBXBuildFile; fileRef = 54A5BCCD1DB87716006F3433 /* Assets.xcassets */; };
		54A5BCD11DB87716006F3433 /* LaunchScreen.storyboard in Resources */ = {isa = PBXBuildFile; fileRef = 54A5BCCF1DB87716006F3433 /* LaunchScreen.storyboard */; };
		54A5BCD91DB87D40006F3433 /* GoogleService-Info.plist in Resources */ = {isa = PBXBuildFile; fileRef = 54A5BCD81DB87D40006F3433 /* GoogleService-Info.plist */; };
		54F605F01DBABCC600A4C158 /* Alamofire.framework in Frameworks */ = {isa = PBXBuildFile; fileRef = 54F605E31DBABC5C00A4C158 /* Alamofire.framework */; };
		54F605F11DBABCC600A4C158 /* Alamofire.framework in Embed Frameworks */ = {isa = PBXBuildFile; fileRef = 54F605E31DBABC5C00A4C158 /* Alamofire.framework */; settings = {ATTRIBUTES = (CodeSignOnCopy, RemoveHeadersOnCopy, ); }; };
		54F605F71DBAF45F00A4C158 /* Alamofire.framework in Frameworks */ = {isa = PBXBuildFile; fileRef = 54F605F61DBAF45F00A4C158 /* Alamofire.framework */; };
		F02A45E6F09625A76877455E /* Pods_FitCat.framework in Frameworks */ = {isa = PBXBuildFile; fileRef = 94CA7355E5ACCD0285253A5A /* Pods_FitCat.framework */; };
/* End PBXBuildFile section */

/* Begin PBXContainerItemProxy section */
		54F605E21DBABC5C00A4C158 /* PBXContainerItemProxy */ = {
			isa = PBXContainerItemProxy;
			containerPortal = 54F605D71DBABC5C00A4C158 /* Alamofire.xcodeproj */;
			proxyType = 2;
			remoteGlobalIDString = F8111E3319A95C8B0040E7D1;
			remoteInfo = "Alamofire iOS";
		};
		54F605E41DBABC5C00A4C158 /* PBXContainerItemProxy */ = {
			isa = PBXContainerItemProxy;
			containerPortal = 54F605D71DBABC5C00A4C158 /* Alamofire.xcodeproj */;
			proxyType = 2;
			remoteGlobalIDString = F8111E3E19A95C8B0040E7D1;
			remoteInfo = "Alamofire iOS Tests";
		};
		54F605E61DBABC5C00A4C158 /* PBXContainerItemProxy */ = {
			isa = PBXContainerItemProxy;
			containerPortal = 54F605D71DBABC5C00A4C158 /* Alamofire.xcodeproj */;
			proxyType = 2;
			remoteGlobalIDString = 4DD67C0B1A5C55C900ED2280;
			remoteInfo = "Alamofire macOS";
		};
		54F605E81DBABC5C00A4C158 /* PBXContainerItemProxy */ = {
			isa = PBXContainerItemProxy;
			containerPortal = 54F605D71DBABC5C00A4C158 /* Alamofire.xcodeproj */;
			proxyType = 2;
			remoteGlobalIDString = F829C6B21A7A94F100A2CD59;
			remoteInfo = "Alamofire macOS Tests";
		};
		54F605EA1DBABC5C00A4C158 /* PBXContainerItemProxy */ = {
			isa = PBXContainerItemProxy;
			containerPortal = 54F605D71DBABC5C00A4C158 /* Alamofire.xcodeproj */;
			proxyType = 2;
			remoteGlobalIDString = 4CF626EF1BA7CB3E0011A099;
			remoteInfo = "Alamofire tvOS";
		};
		54F605EC1DBABC5C00A4C158 /* PBXContainerItemProxy */ = {
			isa = PBXContainerItemProxy;
			containerPortal = 54F605D71DBABC5C00A4C158 /* Alamofire.xcodeproj */;
			proxyType = 2;
			remoteGlobalIDString = 4CF626F81BA7CB3E0011A099;
			remoteInfo = "Alamofire tvOS Tests";
		};
		54F605EE1DBABC5C00A4C158 /* PBXContainerItemProxy */ = {
			isa = PBXContainerItemProxy;
			containerPortal = 54F605D71DBABC5C00A4C158 /* Alamofire.xcodeproj */;
			proxyType = 2;
			remoteGlobalIDString = E4202FE01B667AA100C997FB;
			remoteInfo = "Alamofire watchOS";
		};
		54F605F21DBABCC600A4C158 /* PBXContainerItemProxy */ = {
			isa = PBXContainerItemProxy;
			containerPortal = 54F605D71DBABC5C00A4C158 /* Alamofire.xcodeproj */;
			proxyType = 1;
			remoteGlobalIDString = F8111E3219A95C8B0040E7D1;
			remoteInfo = "Alamofire iOS";
		};
/* End PBXContainerItemProxy section */

/* Begin PBXCopyFilesBuildPhase section */
		54F605D61DBAB8AC00A4C158 /* Embed Frameworks */ = {
			isa = PBXCopyFilesBuildPhase;
			buildActionMask = 2147483647;
			dstPath = "";
			dstSubfolderSpec = 10;
			files = (
				54F605F11DBABCC600A4C158 /* Alamofire.framework in Embed Frameworks */,
			);
			name = "Embed Frameworks";
			runOnlyForDeploymentPostprocessing = 0;
		};
/* End PBXCopyFilesBuildPhase section */

/* Begin PBXFileReference section */
		38C281E6BF4D2BAA46D631A3 /* Pods-FitCat.debug.xcconfig */ = {isa = PBXFileReference; includeInIndex = 1; lastKnownFileType = text.xcconfig; name = "Pods-FitCat.debug.xcconfig"; path = "Pods/Target Support Files/Pods-FitCat/Pods-FitCat.debug.xcconfig"; sourceTree = "<group>"; };
		5487C0801DB8892000CA2D4D /* Bolts.framework */ = {isa = PBXFileReference; lastKnownFileType = wrapper.framework; name = Bolts.framework; path = "../../Documents/FacebookSDKs-iOS-4.16.1/Bolts.framework"; sourceTree = "<group>"; };
		5487C0821DB8893100CA2D4D /* FBSDKLoginKit.framework */ = {isa = PBXFileReference; lastKnownFileType = wrapper.framework; name = FBSDKLoginKit.framework; path = "../../Documents/FacebookSDKs-iOS-4.16.1/FBSDKLoginKit.framework"; sourceTree = "<group>"; };
		5487C0841DB8893F00CA2D4D /* FBSDKShareKit.framework */ = {isa = PBXFileReference; lastKnownFileType = wrapper.framework; name = FBSDKShareKit.framework; path = "../../Documents/FacebookSDKs-iOS-4.16.1/FBSDKShareKit.framework"; sourceTree = "<group>"; };
		548865251DB9813200BBC714 /* FBSDKCoreKit.framework */ = {isa = PBXFileReference; lastKnownFileType = wrapper.framework; name = FBSDKCoreKit.framework; path = "../../Documents/FacebookSDKs-iOS-4.16.1/FBSDKCoreKit.framework"; sourceTree = "<group>"; };
		54A5BCC31DB87716006F3433 /* FitCat.app */ = {isa = PBXFileReference; explicitFileType = wrapper.application; includeInIndex = 0; path = FitCat.app; sourceTree = BUILT_PRODUCTS_DIR; };
		54A5BCC61DB87716006F3433 /* AppDelegate.swift */ = {isa = PBXFileReference; lastKnownFileType = sourcecode.swift; path = AppDelegate.swift; sourceTree = "<group>"; };
		54A5BCC81DB87716006F3433 /* ViewController.swift */ = {isa = PBXFileReference; lastKnownFileType = sourcecode.swift; path = ViewController.swift; sourceTree = "<group>"; };
		54A5BCCB1DB87716006F3433 /* Base */ = {isa = PBXFileReference; lastKnownFileType = file.storyboard; name = Base; path = Base.lproj/Main.storyboard; sourceTree = "<group>"; };
		54A5BCCD1DB87716006F3433 /* Assets.xcassets */ = {isa = PBXFileReference; lastKnownFileType = folder.assetcatalog; path = Assets.xcassets; sourceTree = "<group>"; };
		54A5BCD01DB87716006F3433 /* Base */ = {isa = PBXFileReference; lastKnownFileType = file.storyboard; name = Base; path = Base.lproj/LaunchScreen.storyboard; sourceTree = "<group>"; };
		54A5BCD21DB87716006F3433 /* Info.plist */ = {isa = PBXFileReference; lastKnownFileType = text.plist.xml; path = Info.plist; sourceTree = "<group>"; };
		54A5BCD81DB87D40006F3433 /* GoogleService-Info.plist */ = {isa = PBXFileReference; fileEncoding = 4; lastKnownFileType = text.plist.xml; path = "GoogleService-Info.plist"; sourceTree = "<group>"; };
		54F605D71DBABC5C00A4C158 /* Alamofire.xcodeproj */ = {isa = PBXFileReference; lastKnownFileType = "wrapper.pb-project"; name = Alamofire.xcodeproj; path = Alamofire/Alamofire.xcodeproj; sourceTree = "<group>"; };
		54F605F61DBAF45F00A4C158 /* Alamofire.framework */ = {isa = PBXFileReference; lastKnownFileType = wrapper.framework; name = Alamofire.framework; path = Carthage/Build/iOS/Alamofire.framework; sourceTree = "<group>"; };
		94CA7355E5ACCD0285253A5A /* Pods_FitCat.framework */ = {isa = PBXFileReference; explicitFileType = wrapper.framework; includeInIndex = 0; path = Pods_FitCat.framework; sourceTree = BUILT_PRODUCTS_DIR; };
		F43721544A279B09C6CE8437 /* Pods-FitCat.release.xcconfig */ = {isa = PBXFileReference; includeInIndex = 1; lastKnownFileType = text.xcconfig; name = "Pods-FitCat.release.xcconfig"; path = "Pods/Target Support Files/Pods-FitCat/Pods-FitCat.release.xcconfig"; sourceTree = "<group>"; };
/* End PBXFileReference section */

/* Begin PBXFrameworksBuildPhase section */
		54A5BCC01DB87716006F3433 /* Frameworks */ = {
			isa = PBXFrameworksBuildPhase;
			buildActionMask = 2147483647;
			files = (
				5487C0811DB8892000CA2D4D /* Bolts.framework in Frameworks */,
				54F605F01DBABCC600A4C158 /* Alamofire.framework in Frameworks */,
				548865261DB9813200BBC714 /* FBSDKCoreKit.framework in Frameworks */,
				F02A45E6F09625A76877455E /* Pods_FitCat.framework in Frameworks */,
				54F605F71DBAF45F00A4C158 /* Alamofire.framework in Frameworks */,
				5487C0851DB8893F00CA2D4D /* FBSDKShareKit.framework in Frameworks */,
				5487C0831DB8893100CA2D4D /* FBSDKLoginKit.framework in Frameworks */,
			);
			runOnlyForDeploymentPostprocessing = 0;
		};
/* End PBXFrameworksBuildPhase section */

/* Begin PBXGroup section */
		263C8DCDED4E97699C85AD06 /* Pods */ = {
			isa = PBXGroup;
			children = (
				38C281E6BF4D2BAA46D631A3 /* Pods-FitCat.debug.xcconfig */,
				F43721544A279B09C6CE8437 /* Pods-FitCat.release.xcconfig */,
			);
			name = Pods;
			sourceTree = "<group>";
		};
		54A5BCBA1DB87716006F3433 = {
			isa = PBXGroup;
			children = (
				54F605D71DBABC5C00A4C158 /* Alamofire.xcodeproj */,
				54A5BCC51DB87716006F3433 /* FitCat */,
				54A5BCC41DB87716006F3433 /* Products */,
				263C8DCDED4E97699C85AD06 /* Pods */,
				74FCD87406936B61F241673E /* Frameworks */,
			);
			sourceTree = "<group>";
		};
		54A5BCC41DB87716006F3433 /* Products */ = {
			isa = PBXGroup;
			children = (
				54A5BCC31DB87716006F3433 /* FitCat.app */,
			);
			name = Products;
			sourceTree = "<group>";
		};
		54A5BCC51DB87716006F3433 /* FitCat */ = {
			isa = PBXGroup;
			children = (
				54A5BCC61DB87716006F3433 /* AppDelegate.swift */,
				54A5BCD81DB87D40006F3433 /* GoogleService-Info.plist */,
				54A5BCC81DB87716006F3433 /* ViewController.swift */,
				54A5BCCA1DB87716006F3433 /* Main.storyboard */,
				54A5BCCD1DB87716006F3433 /* Assets.xcassets */,
				54A5BCCF1DB87716006F3433 /* LaunchScreen.storyboard */,
				54A5BCD21DB87716006F3433 /* Info.plist */,
			);
			path = FitCat;
			sourceTree = "<group>";
		};
		54F605D81DBABC5C00A4C158 /* Products */ = {
			isa = PBXGroup;
			children = (
				54F605E31DBABC5C00A4C158 /* Alamofire.framework */,
				54F605E51DBABC5C00A4C158 /* Alamofire iOS Tests.xctest */,
				54F605E71DBABC5C00A4C158 /* Alamofire.framework */,
				54F605E91DBABC5C00A4C158 /* Alamofire macOS Tests.xctest */,
				54F605EB1DBABC5C00A4C158 /* Alamofire.framework */,
				54F605ED1DBABC5C00A4C158 /* Alamofire tvOS Tests.xctest */,
				54F605EF1DBABC5C00A4C158 /* Alamofire.framework */,
			);
			name = Products;
			sourceTree = "<group>";
		};
		74FCD87406936B61F241673E /* Frameworks */ = {
			isa = PBXGroup;
			children = (
				54F605F61DBAF45F00A4C158 /* Alamofire.framework */,
				548865251DB9813200BBC714 /* FBSDKCoreKit.framework */,
				5487C0841DB8893F00CA2D4D /* FBSDKShareKit.framework */,
				5487C0821DB8893100CA2D4D /* FBSDKLoginKit.framework */,
				5487C0801DB8892000CA2D4D /* Bolts.framework */,
				94CA7355E5ACCD0285253A5A /* Pods_FitCat.framework */,
			);
			name = Frameworks;
			sourceTree = "<group>";
		};
/* End PBXGroup section */

/* Begin PBXNativeTarget section */
		54A5BCC21DB87716006F3433 /* FitCat */ = {
			isa = PBXNativeTarget;
			buildConfigurationList = 54A5BCD51DB87716006F3433 /* Build configuration list for PBXNativeTarget "FitCat" */;
			buildPhases = (
				D9E9FC35A194B18C52F8EAD8 /* [CP] Check Pods Manifest.lock */,
				54A5BCBF1DB87716006F3433 /* Sources */,
				54A5BCC01DB87716006F3433 /* Frameworks */,
				54A5BCC11DB87716006F3433 /* Resources */,
				44F82CC97ABD2A9773138AB0 /* [CP] Embed Pods Frameworks */,
				A777B8BECAC92078729A2E15 /* [CP] Copy Pods Resources */,
				54F605D61DBAB8AC00A4C158 /* Embed Frameworks */,
			);
			buildRules = (
			);
			dependencies = (
				54F605F31DBABCC600A4C158 /* PBXTargetDependency */,
			);
			name = FitCat;
			productName = FitCat;
			productReference = 54A5BCC31DB87716006F3433 /* FitCat.app */;
			productType = "com.apple.product-type.application";
		};
/* End PBXNativeTarget section */

/* Begin PBXProject section */
		54A5BCBB1DB87716006F3433 /* Project object */ = {
			isa = PBXProject;
			attributes = {
				LastSwiftUpdateCheck = 0800;
				LastUpgradeCheck = 0800;
				ORGANIZATIONNAME = "Cornell University Information Science";
				TargetAttributes = {
					54A5BCC21DB87716006F3433 = {
						CreatedOnToolsVersion = 8.0;
						DevelopmentTeam = ALM2K2B6Z6;
						ProvisioningStyle = Automatic;
					};
				};
			};
			buildConfigurationList = 54A5BCBE1DB87716006F3433 /* Build configuration list for PBXProject "FitCat" */;
			compatibilityVersion = "Xcode 3.2";
			developmentRegion = English;
			hasScannedForEncodings = 0;
			knownRegions = (
				en,
				Base,
			);
			mainGroup = 54A5BCBA1DB87716006F3433;
			productRefGroup = 54A5BCC41DB87716006F3433 /* Products */;
			projectDirPath = "";
			projectReferences = (
				{
					ProductGroup = 54F605D81DBABC5C00A4C158 /* Products */;
					ProjectRef = 54F605D71DBABC5C00A4C158 /* Alamofire.xcodeproj */;
				},
			);
			projectRoot = "";
			targets = (
				54A5BCC21DB87716006F3433 /* FitCat */,
			);
		};
/* End PBXProject section */

/* Begin PBXReferenceProxy section */
		54F605E31DBABC5C00A4C158 /* Alamofire.framework */ = {
			isa = PBXReferenceProxy;
			fileType = wrapper.framework;
			path = Alamofire.framework;
			remoteRef = 54F605E21DBABC5C00A4C158 /* PBXContainerItemProxy */;
			sourceTree = BUILT_PRODUCTS_DIR;
		};
		54F605E51DBABC5C00A4C158 /* Alamofire iOS Tests.xctest */ = {
			isa = PBXReferenceProxy;
			fileType = wrapper.cfbundle;
			path = "Alamofire iOS Tests.xctest";
			remoteRef = 54F605E41DBABC5C00A4C158 /* PBXContainerItemProxy */;
			sourceTree = BUILT_PRODUCTS_DIR;
		};
		54F605E71DBABC5C00A4C158 /* Alamofire.framework */ = {
			isa = PBXReferenceProxy;
			fileType = wrapper.framework;
			path = Alamofire.framework;
			remoteRef = 54F605E61DBABC5C00A4C158 /* PBXContainerItemProxy */;
			sourceTree = BUILT_PRODUCTS_DIR;
		};
		54F605E91DBABC5C00A4C158 /* Alamofire macOS Tests.xctest */ = {
			isa = PBXReferenceProxy;
			fileType = wrapper.cfbundle;
			path = "Alamofire macOS Tests.xctest";
			remoteRef = 54F605E81DBABC5C00A4C158 /* PBXContainerItemProxy */;
			sourceTree = BUILT_PRODUCTS_DIR;
		};
		54F605EB1DBABC5C00A4C158 /* Alamofire.framework */ = {
			isa = PBXReferenceProxy;
			fileType = wrapper.framework;
			path = Alamofire.framework;
			remoteRef = 54F605EA1DBABC5C00A4C158 /* PBXContainerItemProxy */;
			sourceTree = BUILT_PRODUCTS_DIR;
		};
		54F605ED1DBABC5C00A4C158 /* Alamofire tvOS Tests.xctest */ = {
			isa = PBXReferenceProxy;
			fileType = wrapper.cfbundle;
			path = "Alamofire tvOS Tests.xctest";
			remoteRef = 54F605EC1DBABC5C00A4C158 /* PBXContainerItemProxy */;
			sourceTree = BUILT_PRODUCTS_DIR;
		};
		54F605EF1DBABC5C00A4C158 /* Alamofire.framework */ = {
			isa = PBXReferenceProxy;
			fileType = wrapper.framework;
			path = Alamofire.framework;
			remoteRef = 54F605EE1DBABC5C00A4C158 /* PBXContainerItemProxy */;
			sourceTree = BUILT_PRODUCTS_DIR;
		};
/* End PBXReferenceProxy section */

/* Begin PBXResourcesBuildPhase section */
		54A5BCC11DB87716006F3433 /* Resources */ = {
			isa = PBXResourcesBuildPhase;
			buildActionMask = 2147483647;
			files = (
				54A5BCD11DB87716006F3433 /* LaunchScreen.storyboard in Resources */,
				54A5BCD91DB87D40006F3433 /* GoogleService-Info.plist in Resources */,
				54A5BCCE1DB87716006F3433 /* Assets.xcassets in Resources */,
				54A5BCCC1DB87716006F3433 /* Main.storyboard in Resources */,
			);
			runOnlyForDeploymentPostprocessing = 0;
		};
/* End PBXResourcesBuildPhase section */

/* Begin PBXShellScriptBuildPhase section */
		44F82CC97ABD2A9773138AB0 /* [CP] Embed Pods Frameworks */ = {
			isa = PBXShellScriptBuildPhase;
			buildActionMask = 2147483647;
			files = (
			);
			inputPaths = (
			);
			name = "[CP] Embed Pods Frameworks";
			outputPaths = (
			);
			runOnlyForDeploymentPostprocessing = 0;
			shellPath = /bin/sh;
			shellScript = "\"${SRCROOT}/Pods/Target Support Files/Pods-FitCat/Pods-FitCat-frameworks.sh\"\n";
			showEnvVarsInLog = 0;
		};
		A777B8BECAC92078729A2E15 /* [CP] Copy Pods Resources */ = {
			isa = PBXShellScriptBuildPhase;
			buildActionMask = 2147483647;
			files = (
			);
			inputPaths = (
			);
			name = "[CP] Copy Pods Resources";
			outputPaths = (
			);
			runOnlyForDeploymentPostprocessing = 0;
			shellPath = /bin/sh;
			shellScript = "\"${SRCROOT}/Pods/Target Support Files/Pods-FitCat/Pods-FitCat-resources.sh\"\n";
			showEnvVarsInLog = 0;
		};
		D9E9FC35A194B18C52F8EAD8 /* [CP] Check Pods Manifest.lock */ = {
			isa = PBXShellScriptBuildPhase;
			buildActionMask = 2147483647;
			files = (
			);
			inputPaths = (
			);
			name = "[CP] Check Pods Manifest.lock";
			outputPaths = (
			);
			runOnlyForDeploymentPostprocessing = 0;
			shellPath = /bin/sh;
			shellScript = "diff \"${PODS_ROOT}/../Podfile.lock\" \"${PODS_ROOT}/Manifest.lock\" > /dev/null\nif [ $? != 0 ] ; then\n    # print error to STDERR\n    echo \"error: The sandbox is not in sync with the Podfile.lock. Run 'pod install' or update your CocoaPods installation.\" >&2\n    exit 1\nfi\n";
			showEnvVarsInLog = 0;
		};
/* End PBXShellScriptBuildPhase section */

/* Begin PBXSourcesBuildPhase section */
		54A5BCBF1DB87716006F3433 /* Sources */ = {
			isa = PBXSourcesBuildPhase;
			buildActionMask = 2147483647;
			files = (
				54A5BCC91DB87716006F3433 /* ViewController.swift in Sources */,
				54A5BCC71DB87716006F3433 /* AppDelegate.swift in Sources */,
			);
			runOnlyForDeploymentPostprocessing = 0;
		};
/* End PBXSourcesBuildPhase section */

/* Begin PBXTargetDependency section */
		54F605F31DBABCC600A4C158 /* PBXTargetDependency */ = {
			isa = PBXTargetDependency;
			name = "Alamofire iOS";
			targetProxy = 54F605F21DBABCC600A4C158 /* PBXContainerItemProxy */;
		};
/* End PBXTargetDependency section */

/* Begin PBXVariantGroup section */
		54A5BCCA1DB87716006F3433 /* Main.storyboard */ = {
			isa = PBXVariantGroup;
			children = (
				54A5BCCB1DB87716006F3433 /* Base */,
			);
			name = Main.storyboard;
			sourceTree = "<group>";
		};
		54A5BCCF1DB87716006F3433 /* LaunchScreen.storyboard */ = {
			isa = PBXVariantGroup;
			children = (
				54A5BCD01DB87716006F3433 /* Base */,
			);
			name = LaunchScreen.storyboard;
			sourceTree = "<group>";
		};
/* End PBXVariantGroup section */

/* Begin XCBuildConfiguration section */
		54A5BCD31DB87716006F3433 /* Debug */ = {
			isa = XCBuildConfiguration;
			buildSettings = {
				ALWAYS_SEARCH_USER_PATHS = NO;
				CLANG_ANALYZER_NONNULL = YES;
				CLANG_CXX_LANGUAGE_STANDARD = "gnu++0x";
				CLANG_CXX_LIBRARY = "libc++";
				CLANG_ENABLE_MODULES = YES;
				CLANG_ENABLE_OBJC_ARC = YES;
				CLANG_WARN_BOOL_CONVERSION = YES;
				CLANG_WARN_CONSTANT_CONVERSION = YES;
				CLANG_WARN_DIRECT_OBJC_ISA_USAGE = YES_ERROR;
				CLANG_WARN_DOCUMENTATION_COMMENTS = YES;
				CLANG_WARN_EMPTY_BODY = YES;
				CLANG_WARN_ENUM_CONVERSION = YES;
				CLANG_WARN_INFINITE_RECURSION = YES;
				CLANG_WARN_INT_CONVERSION = YES;
				CLANG_WARN_OBJC_ROOT_CLASS = YES_ERROR;
				CLANG_WARN_SUSPICIOUS_MOVES = YES;
				CLANG_WARN_UNREACHABLE_CODE = YES;
				CLANG_WARN__DUPLICATE_METHOD_MATCH = YES;
				"CODE_SIGN_IDENTITY[sdk=iphoneos*]" = "iPhone Developer";
				COPY_PHASE_STRIP = NO;
				DEBUG_INFORMATION_FORMAT = dwarf;
				ENABLE_STRICT_OBJC_MSGSEND = YES;
				ENABLE_TESTABILITY = YES;
				GCC_C_LANGUAGE_STANDARD = gnu99;
				GCC_DYNAMIC_NO_PIC = NO;
				GCC_NO_COMMON_BLOCKS = YES;
				GCC_OPTIMIZATION_LEVEL = 0;
				GCC_PREPROCESSOR_DEFINITIONS = (
					"DEBUG=1",
					"$(inherited)",
				);
				GCC_WARN_64_TO_32_BIT_CONVERSION = YES;
				GCC_WARN_ABOUT_RETURN_TYPE = YES_ERROR;
				GCC_WARN_UNDECLARED_SELECTOR = YES;
				GCC_WARN_UNINITIALIZED_AUTOS = YES_AGGRESSIVE;
				GCC_WARN_UNUSED_FUNCTION = YES;
				GCC_WARN_UNUSED_VARIABLE = YES;
				IPHONEOS_DEPLOYMENT_TARGET = 10.0;
				MTL_ENABLE_DEBUG_INFO = YES;
				ONLY_ACTIVE_ARCH = YES;
				SDKROOT = iphoneos;
				SWIFT_ACTIVE_COMPILATION_CONDITIONS = DEBUG;
				SWIFT_OPTIMIZATION_LEVEL = "-Onone";
			};
			name = Debug;
		};
		54A5BCD41DB87716006F3433 /* Release */ = {
			isa = XCBuildConfiguration;
			buildSettings = {
				ALWAYS_SEARCH_USER_PATHS = NO;
				CLANG_ANALYZER_NONNULL = YES;
				CLANG_CXX_LANGUAGE_STANDARD = "gnu++0x";
				CLANG_CXX_LIBRARY = "libc++";
				CLANG_ENABLE_MODULES = YES;
				CLANG_ENABLE_OBJC_ARC = YES;
				CLANG_WARN_BOOL_CONVERSION = YES;
				CLANG_WARN_CONSTANT_CONVERSION = YES;
				CLANG_WARN_DIRECT_OBJC_ISA_USAGE = YES_ERROR;
				CLANG_WARN_DOCUMENTATION_COMMENTS = YES;
				CLANG_WARN_EMPTY_BODY = YES;
				CLANG_WARN_ENUM_CONVERSION = YES;
				CLANG_WARN_INFINITE_RECURSION = YES;
				CLANG_WARN_INT_CONVERSION = YES;
				CLANG_WARN_OBJC_ROOT_CLASS = YES_ERROR;
				CLANG_WARN_SUSPICIOUS_MOVES = YES;
				CLANG_WARN_UNREACHABLE_CODE = YES;
				CLANG_WARN__DUPLICATE_METHOD_MATCH = YES;
				"CODE_SIGN_IDENTITY[sdk=iphoneos*]" = "iPhone Developer";
				COPY_PHASE_STRIP = NO;
				DEBUG_INFORMATION_FORMAT = "dwarf-with-dsym";
				ENABLE_NS_ASSERTIONS = NO;
				ENABLE_STRICT_OBJC_MSGSEND = YES;
				GCC_C_LANGUAGE_STANDARD = gnu99;
				GCC_NO_COMMON_BLOCKS = YES;
				GCC_WARN_64_TO_32_BIT_CONVERSION = YES;
				GCC_WARN_ABOUT_RETURN_TYPE = YES_ERROR;
				GCC_WARN_UNDECLARED_SELECTOR = YES;
				GCC_WARN_UNINITIALIZED_AUTOS = YES_AGGRESSIVE;
				GCC_WARN_UNUSED_FUNCTION = YES;
				GCC_WARN_UNUSED_VARIABLE = YES;
				IPHONEOS_DEPLOYMENT_TARGET = 10.0;
				MTL_ENABLE_DEBUG_INFO = NO;
				SDKROOT = iphoneos;
				SWIFT_OPTIMIZATION_LEVEL = "-Owholemodule";
				VALIDATE_PRODUCT = YES;
			};
			name = Release;
		};
		54A5BCD61DB87716006F3433 /* Debug */ = {
			isa = XCBuildConfiguration;
			baseConfigurationReference = 38C281E6BF4D2BAA46D631A3 /* Pods-FitCat.debug.xcconfig */;
			buildSettings = {
				ALWAYS_EMBED_SWIFT_STANDARD_LIBRARIES = YES;
				ASSETCATALOG_COMPILER_APPICON_NAME = AppIcon;
				DEVELOPMENT_TEAM = ALM2K2B6Z6;
				FRAMEWORK_SEARCH_PATHS = (
					"$(inherited)",
					"\"${PODS_ROOT}/FirebaseAnalytics/Frameworks/frameworks\"",
					"\"${PODS_ROOT}/FirebaseAuth/Frameworks/frameworks\"",
					"\"${PODS_ROOT}/FirebaseCore/Frameworks/frameworks\"",
					"\"${PODS_ROOT}/FirebaseInstanceID/Frameworks/frameworks\"",
					"\"${PODS_ROOT}/GoogleInterchangeUtilities/Frameworks/frameworks\"",
					"\"${PODS_ROOT}/GoogleNetworkingUtilities/Frameworks/frameworks\"",
					"\"${PODS_ROOT}/GoogleSymbolUtilities/Frameworks/frameworks\"",
					"\"${PODS_ROOT}/GoogleUtilities/Frameworks/frameworks\"",
					"~/Documents/FacebookSDKs-iOS-4.16.1",
					"$(PROJECT_DIR)/Carthage/Build/iOS",
				);
				INFOPLIST_FILE = FitCat/Info.plist;
				LD_RUNPATH_SEARCH_PATHS = "$(inherited) @executable_path/Frameworks";
				PRODUCT_BUNDLE_IDENTIFIER = CornellUniversity.FitCat;
				PRODUCT_NAME = "$(TARGET_NAME)";
				SWIFT_VERSION = 3.0;
			};
			name = Debug;
		};
		54A5BCD71DB87716006F3433 /* Release */ = {
			isa = XCBuildConfiguration;
			baseConfigurationReference = F43721544A279B09C6CE8437 /* Pods-FitCat.release.xcconfig */;
			buildSettings = {
				ALWAYS_EMBED_SWIFT_STANDARD_LIBRARIES = YES;
				ASSETCATALOG_COMPILER_APPICON_NAME = AppIcon;
				DEVELOPMENT_TEAM = ALM2K2B6Z6;
				FRAMEWORK_SEARCH_PATHS = (
					"$(inherited)",
					"\"${PODS_ROOT}/FirebaseAnalytics/Frameworks/frameworks\"",
					"\"${PODS_ROOT}/FirebaseAuth/Frameworks/frameworks\"",
					"\"${PODS_ROOT}/FirebaseCore/Frameworks/frameworks\"",
					"\"${PODS_ROOT}/FirebaseInstanceID/Frameworks/frameworks\"",
					"\"${PODS_ROOT}/GoogleInterchangeUtilities/Frameworks/frameworks\"",
					"\"${PODS_ROOT}/GoogleNetworkingUtilities/Frameworks/frameworks\"",
					"\"${PODS_ROOT}/GoogleSymbolUtilities/Frameworks/frameworks\"",
					"\"${PODS_ROOT}/GoogleUtilities/Frameworks/frameworks\"",
					"~/Documents/FacebookSDKs-iOS-4.16.1",
					"$(PROJECT_DIR)/Carthage/Build/iOS",
				);
				INFOPLIST_FILE = FitCat/Info.plist;
				LD_RUNPATH_SEARCH_PATHS = "$(inherited) @executable_path/Frameworks";
				PRODUCT_BUNDLE_IDENTIFIER = CornellUniversity.FitCat;
				PRODUCT_NAME = "$(TARGET_NAME)";
				SWIFT_VERSION = 3.0;
			};
			name = Release;
		};
/* End XCBuildConfiguration section */

/* Begin XCConfigurationList section */
		54A5BCBE1DB87716006F3433 /* Build configuration list for PBXProject "FitCat" */ = {
			isa = XCConfigurationList;
			buildConfigurations = (
				54A5BCD31DB87716006F3433 /* Debug */,
				54A5BCD41DB87716006F3433 /* Release */,
			);
			defaultConfigurationIsVisible = 0;
			defaultConfigurationName = Release;
		};
		54A5BCD51DB87716006F3433 /* Build configuration list for PBXNativeTarget "FitCat" */ = {
			isa = XCConfigurationList;
			buildConfigurations = (
				54A5BCD61DB87716006F3433 /* Debug */,
				54A5BCD71DB87716006F3433 /* Release */,
			);
			defaultConfigurationIsVisible = 0;
			defaultConfigurationName = Release;
		};
/* End XCConfigurationList section */
	};
	rootObject = 54A5BCBB1DB87716006F3433 /* Project object */;
}
