// !$*UTF8*$!
{
	archiveVersion = 1;
	classes = {
	};
	objectVersion = 46;
	objects = {

/* Begin PBXBuildFile section */
		54A5BCC71DB87716006F3433 /* AppDelegate.swift in Sources */ = {isa = PBXBuildFile; fileRef = 54A5BCC61DB87716006F3433 /* AppDelegate.swift */; };
		54A5BCC91DB87716006F3433 /* ViewController.swift in Sources */ = {isa = PBXBuildFile; fileRef = 54A5BCC81DB87716006F3433 /* ViewController.swift */; };
		54A5BCCC1DB87716006F3433 /* Main.storyboard in Resources */ = {isa = PBXBuildFile; fileRef = 54A5BCCA1DB87716006F3433 /* Main.storyboard */; };
		54A5BCCE1DB87716006F3433 /* Assets.xcassets in Resources */ = {isa = PBXBuildFile; fileRef = 54A5BCCD1DB87716006F3433 /* Assets.xcassets */; };
		54A5BCD11DB87716006F3433 /* LaunchScreen.storyboard in Resources */ = {isa = PBXBuildFile; fileRef = 54A5BCCF1DB87716006F3433 /* LaunchScreen.storyboard */; };
/* End PBXBuildFile section */

/* Begin PBXFileReference section */
		54A5BCC31DB87716006F3433 /* FitCat.app */ = {isa = PBXFileReference; explicitFileType = wrapper.application; includeInIndex = 0; path = FitCat.app; sourceTree = BUILT_PRODUCTS_DIR; };
		54A5BCC61DB87716006F3433 /* AppDelegate.swift */ = {isa = PBXFileReference; lastKnownFileType = sourcecode.swift; path = AppDelegate.swift; sourceTree = "<group>"; };
		54A5BCC81DB87716006F3433 /* ViewController.swift */ = {isa = PBXFileReference; lastKnownFileType = sourcecode.swift; path = ViewController.swift; sourceTree = "<group>"; };
		54A5BCCB1DB87716006F3433 /* Base */ = {isa = PBXFileReference; lastKnownFileType = file.storyboard; name = Base; path = Base.lproj/Main.storyboard; sourceTree = "<group>"; };
		54A5BCCD1DB87716006F3433 /* Assets.xcassets */ = {isa = PBXFileReference; lastKnownFileType = folder.assetcatalog; path = Assets.xcassets; sourceTree = "<group>"; };
		54A5BCD01DB87716006F3433 /* Base */ = {isa = PBXFileReference; lastKnownFileType = file.storyboard; name = Base; path = Base.lproj/LaunchScreen.storyboard; sourceTree = "<group>"; };
		54A5BCD21DB87716006F3433 /* Info.plist */ = {isa = PBXFileReference; lastKnownFileType = text.plist.xml; path = Info.plist; sourceTree = "<group>"; };
/* End PBXFileReference section */

/* Begin PBXFrameworksBuildPhase section */
		54A5BCC01DB87716006F3433 /* Frameworks */ = {
			isa = PBXFrameworksBuildPhase;
			buildActionMask = 2147483647;
			files = (
			);
			runOnlyForDeploymentPostprocessing = 0;
		};
/* End PBXFrameworksBuildPhase section */

/* Begin PBXGroup section */
		54A5BCBA1DB87716006F3433 = {
			isa = PBXGroup;
			children = (
				54A5BCC51DB87716006F3433 /* FitCat */,
				54A5BCC41DB87716006F3433 /* Products */,
			);
			sourceTree = "<group>";
		};
		54A5BCC41DB87716006F3433 /* Products */ = {
			isa = PBXGroup;
			children = (
				54A5BCC31DB87716006F3433 /* FitCat.app */,
			);
			name = Products;
			sourceTree = "<group>";
		};
		54A5BCC51DB87716006F3433 /* FitCat */ = {
			isa = PBXGroup;
			children = (
				54A5BCC61DB87716006F3433 /* AppDelegate.swift */,
				54A5BCC81DB87716006F3433 /* ViewController.swift */,
				54A5BCCA1DB87716006F3433 /* Main.storyboard */,
				54A5BCCD1DB87716006F3433 /* Assets.xcassets */,
				54A5BCCF1DB87716006F3433 /* LaunchScreen.storyboard */,
				54A5BCD21DB87716006F3433 /* Info.plist */,
			);
			path = FitCat;
			sourceTree = "<group>";
		};
/* End PBXGroup section */

/* Begin PBXNativeTarget section */
		54A5BCC21DB87716006F3433 /* FitCat */ = {
			isa = PBXNativeTarget;
			buildConfigurationList = 54A5BCD51DB87716006F3433 /* Build configuration list for PBXNativeTarget "FitCat" */;
			buildPhases = (
				54A5BCBF1DB87716006F3433 /* Sources */,
				54A5BCC01DB87716006F3433 /* Frameworks */,
				54A5BCC11DB87716006F3433 /* Resources */,
			);
			buildRules = (
			);
			dependencies = (
			);
			name = FitCat;
			productName = FitCat;
			productReference = 54A5BCC31DB87716006F3433 /* FitCat.app */;
			productType = "com.apple.product-type.application";
		};
/* End PBXNativeTarget section */

/* Begin PBXProject section */
		54A5BCBB1DB87716006F3433 /* Project object */ = {
			isa = PBXProject;
			attributes = {
				LastSwiftUpdateCheck = 0800;
				LastUpgradeCheck = 0800;
				ORGANIZATIONNAME = "Cornell University Information Science";
				TargetAttributes = {
					54A5BCC21DB87716006F3433 = {
						CreatedOnToolsVersion = 8.0;
						DevelopmentTeam = ALM2K2B6Z6;
						ProvisioningStyle = Automatic;
					};
				};
			};
			buildConfigurationList = 54A5BCBE1DB87716006F3433 /* Build configuration list for PBXProject "FitCat" */;
			compatibilityVersion = "Xcode 3.2";
			developmentRegion = English;
			hasScannedForEncodings = 0;
			knownRegions = (
				en,
				Base,
			);
			mainGroup = 54A5BCBA1DB87716006F3433;
			productRefGroup = 54A5BCC41DB87716006F3433 /* Products */;
			projectDirPath = "";
			projectRoot = "";
			targets = (
				54A5BCC21DB87716006F3433 /* FitCat */,
			);
		};
/* End PBXProject section */

/* Begin PBXResourcesBuildPhase section */
		54A5BCC11DB87716006F3433 /* Resources */ = {
			isa = PBXResourcesBuildPhase;
			buildActionMask = 2147483647;
			files = (
				54A5BCD11DB87716006F3433 /* LaunchScreen.storyboard in Resources */,
				54A5BCCE1DB87716006F3433 /* Assets.xcassets in Resources */,
				54A5BCCC1DB87716006F3433 /* Main.storyboard in Resources */,
			);
			runOnlyForDeploymentPostprocessing = 0;
		};
/* End PBXResourcesBuildPhase section */

/* Begin PBXSourcesBuildPhase section */
		54A5BCBF1DB87716006F3433 /* Sources */ = {
			isa = PBXSourcesBuildPhase;
			buildActionMask = 2147483647;
			files = (
				54A5BCC91DB87716006F3433 /* ViewController.swift in Sources */,
				54A5BCC71DB87716006F3433 /* AppDelegate.swift in Sources */,
			);
			runOnlyForDeploymentPostprocessing = 0;
		};
/* End PBXSourcesBuildPhase section */

/* Begin PBXVariantGroup section */
		54A5BCCA1DB87716006F3433 /* Main.storyboard */ = {
			isa = PBXVariantGroup;
			children = (
				54A5BCCB1DB87716006F3433 /* Base */,
			);
			name = Main.storyboard;
			sourceTree = "<group>";
		};
		54A5BCCF1DB87716006F3433 /* LaunchScreen.storyboard */ = {
			isa = PBXVariantGroup;
			children = (
				54A5BCD01DB87716006F3433 /* Base */,
			);
			name = LaunchScreen.storyboard;
			sourceTree = "<group>";
		};
/* End PBXVariantGroup section */

/* Begin XCBuildConfiguration section */
		54A5BCD31DB87716006F3433 /* Debug */ = {
			isa = XCBuildConfiguration;
			buildSettings = {
				ALWAYS_SEARCH_USER_PATHS = NO;
				CLANG_ANALYZER_NONNULL = YES;
				CLANG_CXX_LANGUAGE_STANDARD = "gnu++0x";
				CLANG_CXX_LIBRARY = "libc++";
				CLANG_ENABLE_MODULES = YES;
				CLANG_ENABLE_OBJC_ARC = YES;
				CLANG_WARN_BOOL_CONVERSION = YES;
				CLANG_WARN_CONSTANT_CONVERSION = YES;
				CLANG_WARN_DIRECT_OBJC_ISA_USAGE = YES_ERROR;
				CLANG_WARN_DOCUMENTATION_COMMENTS = YES;
				CLANG_WARN_EMPTY_BODY = YES;
				CLANG_WARN_ENUM_CONVERSION = YES;
				CLANG_WARN_INFINITE_RECURSION = YES;
				CLANG_WARN_INT_CONVERSION = YES;
				CLANG_WARN_OBJC_ROOT_CLASS = YES_ERROR;
				CLANG_WARN_SUSPICIOUS_MOVES = YES;
				CLANG_WARN_UNREACHABLE_CODE = YES;
				CLANG_WARN__DUPLICATE_METHOD_MATCH = YES;
				"CODE_SIGN_IDENTITY[sdk=iphoneos*]" = "iPhone Developer";
				COPY_PHASE_STRIP = NO;
				DEBUG_INFORMATION_FORMAT = dwarf;
				ENABLE_STRICT_OBJC_MSGSEND = YES;
				ENABLE_TESTABILITY = YES;
				GCC_C_LANGUAGE_STANDARD = gnu99;
				GCC_DYNAMIC_NO_PIC = NO;
				GCC_NO_COMMON_BLOCKS = YES;
				GCC_OPTIMIZATION_LEVEL = 0;
				GCC_PREPROCESSOR_DEFINITIONS = (
					"DEBUG=1",
					"$(inherited)",
				);
				GCC_WARN_64_TO_32_BIT_CONVERSION = YES;
				GCC_WARN_ABOUT_RETURN_TYPE = YES_ERROR;
				GCC_WARN_UNDECLARED_SELECTOR = YES;
				GCC_WARN_UNINITIALIZED_AUTOS = YES_AGGRESSIVE;
				GCC_WARN_UNUSED_FUNCTION = YES;
				GCC_WARN_UNUSED_VARIABLE = YES;
				IPHONEOS_DEPLOYMENT_TARGET = 10.0;
				MTL_ENABLE_DEBUG_INFO = YES;
				ONLY_ACTIVE_ARCH = YES;
				SDKROOT = iphoneos;
				SWIFT_ACTIVE_COMPILATION_CONDITIONS = DEBUG;
				SWIFT_OPTIMIZATION_LEVEL = "-Onone";
			};
			name = Debug;
		};
		54A5BCD41DB87716006F3433 /* Release */ = {
			isa = XCBuildConfiguration;
			buildSettings = {
				ALWAYS_SEARCH_USER_PATHS = NO;
				CLANG_ANALYZER_NONNULL = YES;
				CLANG_CXX_LANGUAGE_STANDARD = "gnu++0x";
				CLANG_CXX_LIBRARY = "libc++";
				CLANG_ENABLE_MODULES = YES;
				CLANG_ENABLE_OBJC_ARC = YES;
				CLANG_WARN_BOOL_CONVERSION = YES;
				CLANG_WARN_CONSTANT_CONVERSION = YES;
				CLANG_WARN_DIRECT_OBJC_ISA_USAGE = YES_ERROR;
				CLANG_WARN_DOCUMENTATION_COMMENTS = YES;
				CLANG_WARN_EMPTY_BODY = YES;
				CLANG_WARN_ENUM_CONVERSION = YES;
				CLANG_WARN_INFINITE_RECURSION = YES;
				CLANG_WARN_INT_CONVERSION = YES;
				CLANG_WARN_OBJC_ROOT_CLASS = YES_ERROR;
				CLANG_WARN_SUSPICIOUS_MOVES = YES;
				CLANG_WARN_UNREACHABLE_CODE = YES;
				CLANG_WARN__DUPLICATE_METHOD_MATCH = YES;
				"CODE_SIGN_IDENTITY[sdk=iphoneos*]" = "iPhone Developer";
				COPY_PHASE_STRIP = NO;
				DEBUG_INFORMATION_FORMAT = "dwarf-with-dsym";
				ENABLE_NS_ASSERTIONS = NO;
				ENABLE_STRICT_OBJC_MSGSEND = YES;
				GCC_C_LANGUAGE_STANDARD = gnu99;
				GCC_NO_COMMON_BLOCKS = YES;
				GCC_WARN_64_TO_32_BIT_CONVERSION = YES;
				GCC_WARN_ABOUT_RETURN_TYPE = YES_ERROR;
				GCC_WARN_UNDECLARED_SELECTOR = YES;
				GCC_WARN_UNINITIALIZED_AUTOS = YES_AGGRESSIVE;
				GCC_WARN_UNUSED_FUNCTION = YES;
				GCC_WARN_UNUSED_VARIABLE = YES;
				IPHONEOS_DEPLOYMENT_TARGET = 10.0;
				MTL_ENABLE_DEBUG_INFO = NO;
				SDKROOT = iphoneos;
				SWIFT_OPTIMIZATION_LEVEL = "-Owholemodule";
				VALIDATE_PRODUCT = YES;
			};
			name = Release;
		};
		54A5BCD61DB87716006F3433 /* Debug */ = {
			isa = XCBuildConfiguration;
			buildSettings = {
				ASSETCATALOG_COMPILER_APPICON_NAME = AppIcon;
				DEVELOPMENT_TEAM = ALM2K2B6Z6;
				INFOPLIST_FILE = FitCat/Info.plist;
				LD_RUNPATH_SEARCH_PATHS = "$(inherited) @executable_path/Frameworks";
				PRODUCT_BUNDLE_IDENTIFIER = CornellUniversity.FitCat;
				PRODUCT_NAME = "$(TARGET_NAME)";
				SWIFT_VERSION = 3.0;
			};
			name = Debug;
		};
		54A5BCD71DB87716006F3433 /* Release */ = {
			isa = XCBuildConfiguration;
			buildSettings = {
				ASSETCATALOG_COMPILER_APPICON_NAME = AppIcon;
				DEVELOPMENT_TEAM = ALM2K2B6Z6;
				INFOPLIST_FILE = FitCat/Info.plist;
				LD_RUNPATH_SEARCH_PATHS = "$(inherited) @executable_path/Frameworks";
				PRODUCT_BUNDLE_IDENTIFIER = CornellUniversity.FitCat;
				PRODUCT_NAME = "$(TARGET_NAME)";
				SWIFT_VERSION = 3.0;
			};
			name = Release;
		};
/* End XCBuildConfiguration section */

/* Begin XCConfigurationList section */
		54A5BCBE1DB87716006F3433 /* Build configuration list for PBXProject "FitCat" */ = {
			isa = XCConfigurationList;
			buildConfigurations = (
				54A5BCD31DB87716006F3433 /* Debug */,
				54A5BCD41DB87716006F3433 /* Release */,
			);
			defaultConfigurationIsVisible = 0;
			defaultConfigurationName = Release;
		};
		54A5BCD51DB87716006F3433 /* Build configuration list for PBXNativeTarget "FitCat" */ = {
			isa = XCConfigurationList;
			buildConfigurations = (
				54A5BCD61DB87716006F3433 /* Debug */,
				54A5BCD71DB87716006F3433 /* Release */,
			);
			defaultConfigurationIsVisible = 0;
		};
/* End XCConfigurationList section */
	};
	rootObject = 54A5BCBB1DB87716006F3433 /* Project object */;
}
